// !$*UTF8*$!
{
	archiveVersion = 1;
	classes = {
	};
	objectVersion = 45;
	objects = {

/* Begin PBXBuildFile section */
		0001B1D311573C1D00109D45 /* FFProcessing.m in Sources */ = {isa = PBXBuildFile; fileRef = 0001B1D211573C1D00109D45 /* FFProcessing.m */; };
		0001B1D61157413D00109D45 /* FFConverter.m in Sources */ = {isa = PBXBuildFile; fileRef = 0001B1D51157413D00109D45 /* FFConverter.m */; };
		0007418E1161D26C00D8283B /* FFProcessingTest.m in Sources */ = {isa = PBXBuildFile; fileRef = 0007418D1161D26C00D8283B /* FFProcessingTest.m */; };
		000DD3BA1166C656007E8546 /* libavcodec.a in Frameworks */ = {isa = PBXBuildFile; fileRef = 000DD3B31166C656007E8546 /* libavcodec.a */; };
		000DD3BB1166C656007E8546 /* libavdevice.a in Frameworks */ = {isa = PBXBuildFile; fileRef = 000DD3B41166C656007E8546 /* libavdevice.a */; };
		000DD3BC1166C656007E8546 /* libavfilter.a in Frameworks */ = {isa = PBXBuildFile; fileRef = 000DD3B51166C656007E8546 /* libavfilter.a */; };
		000DD3BD1166C656007E8546 /* libavformat.a in Frameworks */ = {isa = PBXBuildFile; fileRef = 000DD3B61166C656007E8546 /* libavformat.a */; };
		000DD3BE1166C656007E8546 /* libavutil.a in Frameworks */ = {isa = PBXBuildFile; fileRef = 000DD3B71166C656007E8546 /* libavutil.a */; };
		000DD3BF1166C656007E8546 /* libpostproc.a in Frameworks */ = {isa = PBXBuildFile; fileRef = 000DD3B81166C656007E8546 /* libpostproc.a */; };
		000DD3C01166C656007E8546 /* libswscale.a in Frameworks */ = {isa = PBXBuildFile; fileRef = 000DD3B91166C656007E8546 /* libswscale.a */; };
		000DD3C11166C656007E8546 /* libavcodec.a in Frameworks */ = {isa = PBXBuildFile; fileRef = 000DD3B31166C656007E8546 /* libavcodec.a */; };
		000DD3C21166C656007E8546 /* libavdevice.a in Frameworks */ = {isa = PBXBuildFile; fileRef = 000DD3B41166C656007E8546 /* libavdevice.a */; };
		000DD3C31166C656007E8546 /* libavfilter.a in Frameworks */ = {isa = PBXBuildFile; fileRef = 000DD3B51166C656007E8546 /* libavfilter.a */; };
		000DD3C41166C656007E8546 /* libavformat.a in Frameworks */ = {isa = PBXBuildFile; fileRef = 000DD3B61166C656007E8546 /* libavformat.a */; };
		000DD3C51166C656007E8546 /* libavutil.a in Frameworks */ = {isa = PBXBuildFile; fileRef = 000DD3B71166C656007E8546 /* libavutil.a */; };
		000DD3C61166C656007E8546 /* libpostproc.a in Frameworks */ = {isa = PBXBuildFile; fileRef = 000DD3B81166C656007E8546 /* libpostproc.a */; };
		000DD3C71166C656007E8546 /* libswscale.a in Frameworks */ = {isa = PBXBuildFile; fileRef = 000DD3B91166C656007E8546 /* libswscale.a */; };
		000DD3C81166C656007E8546 /* libavcodec.a in Frameworks */ = {isa = PBXBuildFile; fileRef = 000DD3B31166C656007E8546 /* libavcodec.a */; };
		000DD3C91166C656007E8546 /* libavdevice.a in Frameworks */ = {isa = PBXBuildFile; fileRef = 000DD3B41166C656007E8546 /* libavdevice.a */; };
		000DD3CA1166C656007E8546 /* libavfilter.a in Frameworks */ = {isa = PBXBuildFile; fileRef = 000DD3B51166C656007E8546 /* libavfilter.a */; };
		000DD3CB1166C656007E8546 /* libavformat.a in Frameworks */ = {isa = PBXBuildFile; fileRef = 000DD3B61166C656007E8546 /* libavformat.a */; };
		000DD3CC1166C656007E8546 /* libavutil.a in Frameworks */ = {isa = PBXBuildFile; fileRef = 000DD3B71166C656007E8546 /* libavutil.a */; };
		000DD3CD1166C656007E8546 /* libpostproc.a in Frameworks */ = {isa = PBXBuildFile; fileRef = 000DD3B81166C656007E8546 /* libpostproc.a */; };
		000DD3CE1166C656007E8546 /* libswscale.a in Frameworks */ = {isa = PBXBuildFile; fileRef = 000DD3B91166C656007E8546 /* libswscale.a */; };
		000DD3E71167D78B007E8546 /* libx264.a in Frameworks */ = {isa = PBXBuildFile; fileRef = 000DD3E61167D78B007E8546 /* libx264.a */; };
		000DD3E81167D78B007E8546 /* libx264.a in Frameworks */ = {isa = PBXBuildFile; fileRef = 000DD3E61167D78B007E8546 /* libx264.a */; };
		000DD3E91167D78B007E8546 /* libx264.a in Frameworks */ = {isa = PBXBuildFile; fileRef = 000DD3E61167D78B007E8546 /* libx264.a */; };
		00129F3611549B3500D09836 /* FFReader.m in Sources */ = {isa = PBXBuildFile; fileRef = 00129F1B11549B3500D09836 /* FFReader.m */; };
		00129F3711549B3500D09836 /* FFGLDrawable.m in Sources */ = {isa = PBXBuildFile; fileRef = 00129F1E11549B3500D09836 /* FFGLDrawable.m */; };
		00129F3911549B3500D09836 /* FFPlayerAppDelegate.m in Sources */ = {isa = PBXBuildFile; fileRef = 00129F2211549B3500D09836 /* FFPlayerAppDelegate.m */; };
		00129F3B11549B3500D09836 /* FFDecoder.m in Sources */ = {isa = PBXBuildFile; fileRef = 00129F2611549B3500D09836 /* FFDecoder.m */; };
		00129F3C11549B3500D09836 /* FFPlayerView.m in Sources */ = {isa = PBXBuildFile; fileRef = 00129F2811549B3500D09836 /* FFPlayerView.m */; };
		00129F3D11549B3500D09836 /* GHGLTexture.m in Sources */ = {isa = PBXBuildFile; fileRef = 00129F2D11549B3500D09836 /* GHGLTexture.m */; };
		00129F3E11549B3500D09836 /* GHGLView.m in Sources */ = {isa = PBXBuildFile; fileRef = 00129F3011549B3500D09836 /* GHGLView.m */; };
		00129F3F11549B3500D09836 /* GHGLViewController.m in Sources */ = {isa = PBXBuildFile; fileRef = 00129F3211549B3500D09836 /* GHGLViewController.m */; };
		00129F4011549B3500D09836 /* GHTextureManager.m in Sources */ = {isa = PBXBuildFile; fileRef = 00129F3511549B3500D09836 /* GHTextureManager.m */; };
		00129F7F1154A41B00D09836 /* README in Resources */ = {isa = PBXBuildFile; fileRef = 00129F7E1154A41B00D09836 /* README */; };
		0012A00D1154AC0C00D09836 /* libz.dylib in Frameworks */ = {isa = PBXBuildFile; fileRef = 0012A00C1154AC0C00D09836 /* libz.dylib */; };
		0012A0111154AC1D00D09836 /* CoreGraphics.framework in Frameworks */ = {isa = PBXBuildFile; fileRef = 0012A0101154AC1D00D09836 /* CoreGraphics.framework */; };
		0012A0171154AC4700D09836 /* libbz2.dylib in Frameworks */ = {isa = PBXBuildFile; fileRef = 0012A0161154AC4700D09836 /* libbz2.dylib */; };
		0012A0551154AE3100D09836 /* FFGLTestDrawable.m in Sources */ = {isa = PBXBuildFile; fileRef = 0012A0531154AE3100D09836 /* FFGLTestDrawable.m */; };
		0012A0561154AE3100D09836 /* test.png in Resources */ = {isa = PBXBuildFile; fileRef = 0012A0541154AE3100D09836 /* test.png */; };
		001736931165A00C00959279 /* MediaPlayer.framework in Frameworks */ = {isa = PBXBuildFile; fileRef = 00A313E61163E33A0065101E /* MediaPlayer.framework */; };
		001736941165A00D00959279 /* MobileCoreServices.framework in Frameworks */ = {isa = PBXBuildFile; fileRef = 00CA117111632AAB00664274 /* MobileCoreServices.framework */; };
		002342C9116B16D200088651 /* star_trek.mov in Resources */ = {isa = PBXBuildFile; fileRef = 002342C8116B16D200088651 /* star_trek.mov */; };
		00A313D41163E2B20065101E /* PBMoviePlayerController.m in Sources */ = {isa = PBXBuildFile; fileRef = 00A313D31163E2B20065101E /* PBMoviePlayerController.m */; };
		00A313D51163E2B20065101E /* PBMoviePlayerController.m in Sources */ = {isa = PBXBuildFile; fileRef = 00A313D31163E2B20065101E /* PBMoviePlayerController.m */; };
		00A313E71163E33A0065101E /* MediaPlayer.framework in Frameworks */ = {isa = PBXBuildFile; fileRef = 00A313E61163E33A0065101E /* MediaPlayer.framework */; };
		00CA0FDA1163034900664274 /* FFReadThread.m in Sources */ = {isa = PBXBuildFile; fileRef = 00CA0FD91163034900664274 /* FFReadThread.m */; };
		00CA0FDB1163034900664274 /* FFReadThread.m in Sources */ = {isa = PBXBuildFile; fileRef = 00CA0FD91163034900664274 /* FFReadThread.m */; };
		00CA1115116325B400664274 /* PBAppDelegate.m in Sources */ = {isa = PBXBuildFile; fileRef = 00CA1114116325B400664274 /* PBAppDelegate.m */; };
		00CA1116116325B400664274 /* PBAppDelegate.m in Sources */ = {isa = PBXBuildFile; fileRef = 00CA1114116325B400664274 /* PBAppDelegate.m */; };
		00CA114A116328BA00664274 /* PBVideoController.m in Sources */ = {isa = PBXBuildFile; fileRef = 00CA1149116328BA00664274 /* PBVideoController.m */; };
		00CA114B116328BA00664274 /* PBVideoController.m in Sources */ = {isa = PBXBuildFile; fileRef = 00CA1149116328BA00664274 /* PBVideoController.m */; };
		00CA117211632AAB00664274 /* MobileCoreServices.framework in Frameworks */ = {isa = PBXBuildFile; fileRef = 00CA117111632AAB00664274 /* MobileCoreServices.framework */; };
		00D16AB01167DD9C00D025EF /* FFPresets.m in Sources */ = {isa = PBXBuildFile; fileRef = 00D16AAF1167DD9C00D025EF /* FFPresets.m */; };
		00D16AB11167DD9C00D025EF /* FFPresets.m in Sources */ = {isa = PBXBuildFile; fileRef = 00D16AAF1167DD9C00D025EF /* FFPresets.m */; };
		00D16AB21167DD9C00D025EF /* FFPresets.m in Sources */ = {isa = PBXBuildFile; fileRef = 00D16AAF1167DD9C00D025EF /* FFPresets.m */; };
		00D16AB71167DFF400D025EF /* FFPresetsTest.m in Sources */ = {isa = PBXBuildFile; fileRef = 00D16AB61167DFF400D025EF /* FFPresetsTest.m */; };
		00D16AEB1167E21E00D025EF /* libx264-ipod320.ffpreset in Resources */ = {isa = PBXBuildFile; fileRef = 00D16AD11167E20100D025EF /* libx264-ipod320.ffpreset */; };
		00D16AEC1167E22200D025EF /* libx264-ipod320.ffpreset in Resources */ = {isa = PBXBuildFile; fileRef = 00D16AD11167E20100D025EF /* libx264-ipod320.ffpreset */; };
		00D16CCB11688B9B00D025EF /* FFOptions.m in Sources */ = {isa = PBXBuildFile; fileRef = 00D16CCA11688B9B00D025EF /* FFOptions.m */; };
		00D16CCC11688B9B00D025EF /* FFOptions.m in Sources */ = {isa = PBXBuildFile; fileRef = 00D16CCA11688B9B00D025EF /* FFOptions.m */; };
		00D16CCD11688B9B00D025EF /* FFOptions.m in Sources */ = {isa = PBXBuildFile; fileRef = 00D16CCA11688B9B00D025EF /* FFOptions.m */; };
		00D7706B115B29A300CF9F22 /* FFEncoder.m in Sources */ = {isa = PBXBuildFile; fileRef = 00D7706A115B29A300CF9F22 /* FFEncoder.m */; };
		00D77083115B331600CF9F22 /* FFUtils.m in Sources */ = {isa = PBXBuildFile; fileRef = 00D77082115B331600CF9F22 /* FFUtils.m */; };
		00DB9ACC116460D4002A7F8F /* PBProcessing.m in Sources */ = {isa = PBXBuildFile; fileRef = 00DB9ACB116460D4002A7F8F /* PBProcessing.m */; };
		00DB9ACD116460D4002A7F8F /* PBProcessing.m in Sources */ = {isa = PBXBuildFile; fileRef = 00DB9ACB116460D4002A7F8F /* PBProcessing.m */; };
		00DB9AD0116461CD002A7F8F /* PBApplicationController.m in Sources */ = {isa = PBXBuildFile; fileRef = 00DB9ACF116461CD002A7F8F /* PBApplicationController.m */; };
		00DB9AD1116461CD002A7F8F /* PBApplicationController.m in Sources */ = {isa = PBXBuildFile; fileRef = 00DB9ACF116461CD002A7F8F /* PBApplicationController.m */; };
		00DB9C5C11647A3E002A7F8F /* README in Resources */ = {isa = PBXBuildFile; fileRef = 00129F7E1154A41B00D09836 /* README */; };
		00DB9C5D11647A3E002A7F8F /* test.png in Resources */ = {isa = PBXBuildFile; fileRef = 0012A0541154AE3100D09836 /* test.png */; };
		00DB9C6311647A3E002A7F8F /* main.m in Sources */ = {isa = PBXBuildFile; fileRef = 29B97316FDCFA39411CA2CEA /* main.m */; };
		00DB9C6411647A3E002A7F8F /* FFReader.m in Sources */ = {isa = PBXBuildFile; fileRef = 00129F1B11549B3500D09836 /* FFReader.m */; };
		00DB9C6511647A3E002A7F8F /* FFGLDrawable.m in Sources */ = {isa = PBXBuildFile; fileRef = 00129F1E11549B3500D09836 /* FFGLDrawable.m */; };
		00DB9C6611647A3E002A7F8F /* FFPlayerAppDelegate.m in Sources */ = {isa = PBXBuildFile; fileRef = 00129F2211549B3500D09836 /* FFPlayerAppDelegate.m */; };
		00DB9C6711647A3E002A7F8F /* FFDecoder.m in Sources */ = {isa = PBXBuildFile; fileRef = 00129F2611549B3500D09836 /* FFDecoder.m */; };
		00DB9C6811647A3E002A7F8F /* FFPlayerView.m in Sources */ = {isa = PBXBuildFile; fileRef = 00129F2811549B3500D09836 /* FFPlayerView.m */; };
		00DB9C6911647A3E002A7F8F /* GHGLTexture.m in Sources */ = {isa = PBXBuildFile; fileRef = 00129F2D11549B3500D09836 /* GHGLTexture.m */; };
		00DB9C6A11647A3E002A7F8F /* GHGLView.m in Sources */ = {isa = PBXBuildFile; fileRef = 00129F3011549B3500D09836 /* GHGLView.m */; };
		00DB9C6B11647A3E002A7F8F /* GHGLViewController.m in Sources */ = {isa = PBXBuildFile; fileRef = 00129F3211549B3500D09836 /* GHGLViewController.m */; };
		00DB9C6C11647A3E002A7F8F /* GHTextureManager.m in Sources */ = {isa = PBXBuildFile; fileRef = 00129F3511549B3500D09836 /* GHTextureManager.m */; };
		00DB9C6D11647A3E002A7F8F /* FFGLTestDrawable.m in Sources */ = {isa = PBXBuildFile; fileRef = 0012A0531154AE3100D09836 /* FFGLTestDrawable.m */; };
		00DB9C6E11647A3E002A7F8F /* FFProcessing.m in Sources */ = {isa = PBXBuildFile; fileRef = 0001B1D211573C1D00109D45 /* FFProcessing.m */; };
		00DB9C6F11647A3E002A7F8F /* FFConverter.m in Sources */ = {isa = PBXBuildFile; fileRef = 0001B1D51157413D00109D45 /* FFConverter.m */; };
		00DB9C7011647A3E002A7F8F /* FFEncoder.m in Sources */ = {isa = PBXBuildFile; fileRef = 00D7706A115B29A300CF9F22 /* FFEncoder.m */; };
		00DB9C7111647A3E002A7F8F /* FFUtils.m in Sources */ = {isa = PBXBuildFile; fileRef = 00D77082115B331600CF9F22 /* FFUtils.m */; };
		00DB9C7211647A3E002A7F8F /* FFReadThread.m in Sources */ = {isa = PBXBuildFile; fileRef = 00CA0FD91163034900664274 /* FFReadThread.m */; };
		00DB9C7311647A3E002A7F8F /* PBAppDelegate.m in Sources */ = {isa = PBXBuildFile; fileRef = 00CA1114116325B400664274 /* PBAppDelegate.m */; };
		00DB9C7411647A3E002A7F8F /* PBVideoController.m in Sources */ = {isa = PBXBuildFile; fileRef = 00CA1149116328BA00664274 /* PBVideoController.m */; };
		00DB9C7511647A3E002A7F8F /* PBMoviePlayerController.m in Sources */ = {isa = PBXBuildFile; fileRef = 00A313D31163E2B20065101E /* PBMoviePlayerController.m */; };
		00DB9C7611647A3E002A7F8F /* PBProcessing.m in Sources */ = {isa = PBXBuildFile; fileRef = 00DB9ACB116460D4002A7F8F /* PBProcessing.m */; };
		00DB9C7711647A3E002A7F8F /* PBApplicationController.m in Sources */ = {isa = PBXBuildFile; fileRef = 00DB9ACF116461CD002A7F8F /* PBApplicationController.m */; };
		00DB9C7911647A3E002A7F8F /* Foundation.framework in Frameworks */ = {isa = PBXBuildFile; fileRef = 1D30AB110D05D00D00671497 /* Foundation.framework */; };
		00DB9C7A11647A3E002A7F8F /* UIKit.framework in Frameworks */ = {isa = PBXBuildFile; fileRef = 1DF5F4DF0D08C38300B7A737 /* UIKit.framework */; };
		00DB9C7B11647A3E002A7F8F /* OpenGLES.framework in Frameworks */ = {isa = PBXBuildFile; fileRef = 28FD14FF0DC6FC520079059D /* OpenGLES.framework */; };
		00DB9C7C11647A3E002A7F8F /* QuartzCore.framework in Frameworks */ = {isa = PBXBuildFile; fileRef = 28FD15070DC6FC5B0079059D /* QuartzCore.framework */; };
		00DB9C7D11647A3E002A7F8F /* libz.dylib in Frameworks */ = {isa = PBXBuildFile; fileRef = 0012A00C1154AC0C00D09836 /* libz.dylib */; };
		00DB9C7E11647A3E002A7F8F /* CoreGraphics.framework in Frameworks */ = {isa = PBXBuildFile; fileRef = 0012A0101154AC1D00D09836 /* CoreGraphics.framework */; };
		00DB9C7F11647A3E002A7F8F /* libbz2.dylib in Frameworks */ = {isa = PBXBuildFile; fileRef = 0012A0161154AC4700D09836 /* libbz2.dylib */; };
		00DB9C8711647A3E002A7F8F /* MobileCoreServices.framework in Frameworks */ = {isa = PBXBuildFile; fileRef = 00CA117111632AAB00664274 /* MobileCoreServices.framework */; };
		00DB9C8811647A3E002A7F8F /* MediaPlayer.framework in Frameworks */ = {isa = PBXBuildFile; fileRef = 00A313E61163E33A0065101E /* MediaPlayer.framework */; };
		00DB9CD611648145002A7F8F /* icon.png in Resources */ = {isa = PBXBuildFile; fileRef = 00DB9CD511648145002A7F8F /* icon.png */; };
		00DDF423115F3CEF00310925 /* FFEncoderTest.m in Sources */ = {isa = PBXBuildFile; fileRef = 00DDF3E9115F3BCC00310925 /* FFEncoderTest.m */; };
		00DDF50A115F3E0100310925 /* Foundation.framework in Frameworks */ = {isa = PBXBuildFile; fileRef = 1D30AB110D05D00D00671497 /* Foundation.framework */; };
		00DDF50B115F3E0200310925 /* libbz2.dylib in Frameworks */ = {isa = PBXBuildFile; fileRef = 0012A0161154AC4700D09836 /* libbz2.dylib */; };
		00DDF50C115F3E0200310925 /* libz.dylib in Frameworks */ = {isa = PBXBuildFile; fileRef = 0012A00C1154AC0C00D09836 /* libz.dylib */; };
		00DDF50D115F3E0300310925 /* UIKit.framework in Frameworks */ = {isa = PBXBuildFile; fileRef = 1DF5F4DF0D08C38300B7A737 /* UIKit.framework */; };
		00DDF526115F3F1100310925 /* FFReader.m in Sources */ = {isa = PBXBuildFile; fileRef = 00129F1B11549B3500D09836 /* FFReader.m */; };
		00DDF527115F3F1200310925 /* FFUtils.m in Sources */ = {isa = PBXBuildFile; fileRef = 00D77082115B331600CF9F22 /* FFUtils.m */; };
		00DDF528115F3F1300310925 /* FFConverter.m in Sources */ = {isa = PBXBuildFile; fileRef = 0001B1D51157413D00109D45 /* FFConverter.m */; };
		00DDF529115F3F1300310925 /* FFDecoder.m in Sources */ = {isa = PBXBuildFile; fileRef = 00129F2611549B3500D09836 /* FFDecoder.m */; };
		00DDF52A115F3F1500310925 /* FFEncoder.m in Sources */ = {isa = PBXBuildFile; fileRef = 00D7706A115B29A300CF9F22 /* FFEncoder.m */; };
		00DDF52B115F3F1600310925 /* FFGLDrawable.m in Sources */ = {isa = PBXBuildFile; fileRef = 00129F1E11549B3500D09836 /* FFGLDrawable.m */; };
		00DDF52C115F3F1700310925 /* FFGLTestDrawable.m in Sources */ = {isa = PBXBuildFile; fileRef = 0012A0531154AE3100D09836 /* FFGLTestDrawable.m */; };
		00DDF52E115F3F1900310925 /* FFPlayerAppDelegate.m in Sources */ = {isa = PBXBuildFile; fileRef = 00129F2211549B3500D09836 /* FFPlayerAppDelegate.m */; };
		00DDF52F115F3F1A00310925 /* FFPlayerView.m in Sources */ = {isa = PBXBuildFile; fileRef = 00129F2811549B3500D09836 /* FFPlayerView.m */; };
		00DDF530115F3F1C00310925 /* FFProcessing.m in Sources */ = {isa = PBXBuildFile; fileRef = 0001B1D211573C1D00109D45 /* FFProcessing.m */; };
		00DDF540115F3F6400310925 /* GHGLTexture.m in Sources */ = {isa = PBXBuildFile; fileRef = 00129F2D11549B3500D09836 /* GHGLTexture.m */; };
		00DDF541115F3F6400310925 /* GHGLView.m in Sources */ = {isa = PBXBuildFile; fileRef = 00129F3011549B3500D09836 /* GHGLView.m */; };
		00DDF542115F3F6500310925 /* GHGLViewController.m in Sources */ = {isa = PBXBuildFile; fileRef = 00129F3211549B3500D09836 /* GHGLViewController.m */; };
		00DDF543115F3F6600310925 /* GHTextureManager.m in Sources */ = {isa = PBXBuildFile; fileRef = 00129F3511549B3500D09836 /* GHTextureManager.m */; };
		00DDF544115F3F6B00310925 /* OpenGLES.framework in Frameworks */ = {isa = PBXBuildFile; fileRef = 28FD14FF0DC6FC520079059D /* OpenGLES.framework */; };
		00DDF545115F3F6C00310925 /* QuartzCore.framework in Frameworks */ = {isa = PBXBuildFile; fileRef = 28FD15070DC6FC5B0079059D /* QuartzCore.framework */; };
		00DDF546115F3F6E00310925 /* CoreGraphics.framework in Frameworks */ = {isa = PBXBuildFile; fileRef = 0012A0101154AC1D00D09836 /* CoreGraphics.framework */; };
		00DDF547115F3F6F00310925 /* CoreFoundation.framework in Frameworks */ = {isa = PBXBuildFile; fileRef = 00DDF3F5115F3C8F00310925 /* CoreFoundation.framework */; };
		00F824CA1165A43600175A32 /* GHUnitIPhoneTestMain.m in Sources */ = {isa = PBXBuildFile; fileRef = 00F824C41165A43600175A32 /* GHUnitIPhoneTestMain.m */; };
		00F824CB1165A43600175A32 /* libGHUnitIPhone3_0.a in Frameworks */ = {isa = PBXBuildFile; fileRef = 00F824C61165A43600175A32 /* libGHUnitIPhone3_0.a */; };
		00F824FD1165A9C400175A32 /* FFCodec.m in Sources */ = {isa = PBXBuildFile; fileRef = 00F824FC1165A9C400175A32 /* FFCodec.m */; };
		00F824FE1165A9C400175A32 /* FFCodec.m in Sources */ = {isa = PBXBuildFile; fileRef = 00F824FC1165A9C400175A32 /* FFCodec.m */; };
		00F824FF1165A9C400175A32 /* FFCodec.m in Sources */ = {isa = PBXBuildFile; fileRef = 00F824FC1165A9C400175A32 /* FFCodec.m */; };
		00F825011165AE3600175A32 /* FFCodecTest.m in Sources */ = {isa = PBXBuildFile; fileRef = 00F825001165AE3600175A32 /* FFCodecTest.m */; };
		1D60589B0D05DD56006BFB54 /* main.m in Sources */ = {isa = PBXBuildFile; fileRef = 29B97316FDCFA39411CA2CEA /* main.m */; };
		1D60589F0D05DD5A006BFB54 /* Foundation.framework in Frameworks */ = {isa = PBXBuildFile; fileRef = 1D30AB110D05D00D00671497 /* Foundation.framework */; };
		1DF5F4E00D08C38300B7A737 /* UIKit.framework in Frameworks */ = {isa = PBXBuildFile; fileRef = 1DF5F4DF0D08C38300B7A737 /* UIKit.framework */; };
		28FD15000DC6FC520079059D /* OpenGLES.framework in Frameworks */ = {isa = PBXBuildFile; fileRef = 28FD14FF0DC6FC520079059D /* OpenGLES.framework */; };
		28FD15080DC6FC5B0079059D /* QuartzCore.framework in Frameworks */ = {isa = PBXBuildFile; fileRef = 28FD15070DC6FC5B0079059D /* QuartzCore.framework */; };
/* End PBXBuildFile section */

/* Begin PBXFileReference section */
		0001B1D111573C1D00109D45 /* FFProcessing.h */ = {isa = PBXFileReference; fileEncoding = 4; lastKnownFileType = sourcecode.c.h; path = FFProcessing.h; sourceTree = "<group>"; };
		0001B1D211573C1D00109D45 /* FFProcessing.m */ = {isa = PBXFileReference; fileEncoding = 4; lastKnownFileType = sourcecode.c.objc; path = FFProcessing.m; sourceTree = "<group>"; };
		0001B1D41157413D00109D45 /* FFConverter.h */ = {isa = PBXFileReference; fileEncoding = 4; lastKnownFileType = sourcecode.c.h; path = FFConverter.h; sourceTree = "<group>"; };
		0001B1D51157413D00109D45 /* FFConverter.m */ = {isa = PBXFileReference; fileEncoding = 4; lastKnownFileType = sourcecode.c.objc; path = FFConverter.m; sourceTree = "<group>"; };
		0007418D1161D26C00D8283B /* FFProcessingTest.m */ = {isa = PBXFileReference; fileEncoding = 4; lastKnownFileType = sourcecode.c.objc; path = FFProcessingTest.m; sourceTree = "<group>"; };
		000DD3B31166C656007E8546 /* libavcodec.a */ = {isa = PBXFileReference; lastKnownFileType = archive.ar; path = libavcodec.a; sourceTree = "<group>"; };
		000DD3B41166C656007E8546 /* libavdevice.a */ = {isa = PBXFileReference; lastKnownFileType = archive.ar; path = libavdevice.a; sourceTree = "<group>"; };
		000DD3B51166C656007E8546 /* libavfilter.a */ = {isa = PBXFileReference; lastKnownFileType = archive.ar; path = libavfilter.a; sourceTree = "<group>"; };
		000DD3B61166C656007E8546 /* libavformat.a */ = {isa = PBXFileReference; lastKnownFileType = archive.ar; path = libavformat.a; sourceTree = "<group>"; };
		000DD3B71166C656007E8546 /* libavutil.a */ = {isa = PBXFileReference; lastKnownFileType = archive.ar; path = libavutil.a; sourceTree = "<group>"; };
		000DD3B81166C656007E8546 /* libpostproc.a */ = {isa = PBXFileReference; lastKnownFileType = archive.ar; path = libpostproc.a; sourceTree = "<group>"; };
		000DD3B91166C656007E8546 /* libswscale.a */ = {isa = PBXFileReference; lastKnownFileType = archive.ar; path = libswscale.a; sourceTree = "<group>"; };
		000DD3D01166C669007E8546 /* camping.m4v */ = {isa = PBXFileReference; lastKnownFileType = file; path = camping.m4v; sourceTree = "<group>"; };
		000DD3D11166C669007E8546 /* color16.avi */ = {isa = PBXFileReference; lastKnownFileType = video.avi; path = color16.avi; sourceTree = "<group>"; };
		000DD3D21166C669007E8546 /* IMG_0306.MOV */ = {isa = PBXFileReference; lastKnownFileType = video.quicktime; path = IMG_0306.MOV; sourceTree = "<group>"; };
		000DD3D31166C669007E8546 /* pegasus-1958-chiptune.avi */ = {isa = PBXFileReference; lastKnownFileType = video.avi; path = "pegasus-1958-chiptune.avi"; sourceTree = "<group>"; };
		000DD3E61167D78B007E8546 /* libx264.a */ = {isa = PBXFileReference; lastKnownFileType = archive.ar; path = libx264.a; sourceTree = "<group>"; };
		00129F1A11549B3500D09836 /* FFReader.h */ = {isa = PBXFileReference; fileEncoding = 4; lastKnownFileType = sourcecode.c.h; path = FFReader.h; sourceTree = "<group>"; };
		00129F1B11549B3500D09836 /* FFReader.m */ = {isa = PBXFileReference; fileEncoding = 4; lastKnownFileType = sourcecode.c.objc; path = FFReader.m; sourceTree = "<group>"; };
		00129F1D11549B3500D09836 /* FFGLDrawable.h */ = {isa = PBXFileReference; fileEncoding = 4; lastKnownFileType = sourcecode.c.h; path = FFGLDrawable.h; sourceTree = "<group>"; };
		00129F1E11549B3500D09836 /* FFGLDrawable.m */ = {isa = PBXFileReference; fileEncoding = 4; lastKnownFileType = sourcecode.c.objc; path = FFGLDrawable.m; sourceTree = "<group>"; };
		00129F2111549B3500D09836 /* FFPlayerAppDelegate.h */ = {isa = PBXFileReference; fileEncoding = 4; lastKnownFileType = sourcecode.c.h; path = FFPlayerAppDelegate.h; sourceTree = "<group>"; };
		00129F2211549B3500D09836 /* FFPlayerAppDelegate.m */ = {isa = PBXFileReference; fileEncoding = 4; lastKnownFileType = sourcecode.c.objc; path = FFPlayerAppDelegate.m; sourceTree = "<group>"; };
		00129F2511549B3500D09836 /* FFDecoder.h */ = {isa = PBXFileReference; fileEncoding = 4; lastKnownFileType = sourcecode.c.h; path = FFDecoder.h; sourceTree = "<group>"; };
		00129F2611549B3500D09836 /* FFDecoder.m */ = {isa = PBXFileReference; fileEncoding = 4; lastKnownFileType = sourcecode.c.objc; path = FFDecoder.m; sourceTree = "<group>"; };
		00129F2711549B3500D09836 /* FFPlayerView.h */ = {isa = PBXFileReference; fileEncoding = 4; lastKnownFileType = sourcecode.c.h; path = FFPlayerView.h; sourceTree = "<group>"; };
		00129F2811549B3500D09836 /* FFPlayerView.m */ = {isa = PBXFileReference; fileEncoding = 4; lastKnownFileType = sourcecode.c.objc; path = FFPlayerView.m; sourceTree = "<group>"; };
		00129F2A11549B3500D09836 /* GHGLCommon.h */ = {isa = PBXFileReference; fileEncoding = 4; lastKnownFileType = sourcecode.c.h; path = GHGLCommon.h; sourceTree = "<group>"; };
		00129F2B11549B3500D09836 /* GHGLDefines.h */ = {isa = PBXFileReference; fileEncoding = 4; lastKnownFileType = sourcecode.c.h; path = GHGLDefines.h; sourceTree = "<group>"; };
		00129F2C11549B3500D09836 /* GHGLTexture.h */ = {isa = PBXFileReference; fileEncoding = 4; lastKnownFileType = sourcecode.c.h; path = GHGLTexture.h; sourceTree = "<group>"; };
		00129F2D11549B3500D09836 /* GHGLTexture.m */ = {isa = PBXFileReference; fileEncoding = 4; lastKnownFileType = sourcecode.c.objc; path = GHGLTexture.m; sourceTree = "<group>"; };
		00129F2E11549B3500D09836 /* GHGLUCommon.h */ = {isa = PBXFileReference; fileEncoding = 4; lastKnownFileType = sourcecode.c.h; path = GHGLUCommon.h; sourceTree = "<group>"; };
		00129F2F11549B3500D09836 /* GHGLView.h */ = {isa = PBXFileReference; fileEncoding = 4; lastKnownFileType = sourcecode.c.h; path = GHGLView.h; sourceTree = "<group>"; };
		00129F3011549B3500D09836 /* GHGLView.m */ = {isa = PBXFileReference; fileEncoding = 4; lastKnownFileType = sourcecode.c.objc; path = GHGLView.m; sourceTree = "<group>"; };
		00129F3111549B3500D09836 /* GHGLViewController.h */ = {isa = PBXFileReference; fileEncoding = 4; lastKnownFileType = sourcecode.c.h; path = GHGLViewController.h; sourceTree = "<group>"; };
		00129F3211549B3500D09836 /* GHGLViewController.m */ = {isa = PBXFileReference; fileEncoding = 4; lastKnownFileType = sourcecode.c.objc; path = GHGLViewController.m; sourceTree = "<group>"; };
		00129F3311549B3500D09836 /* GHQuaternion.h */ = {isa = PBXFileReference; fileEncoding = 4; lastKnownFileType = sourcecode.c.h; path = GHQuaternion.h; sourceTree = "<group>"; };
		00129F3411549B3500D09836 /* GHTextureManager.h */ = {isa = PBXFileReference; fileEncoding = 4; lastKnownFileType = sourcecode.c.h; path = GHTextureManager.h; sourceTree = "<group>"; };
		00129F3511549B3500D09836 /* GHTextureManager.m */ = {isa = PBXFileReference; fileEncoding = 4; lastKnownFileType = sourcecode.c.objc; path = GHTextureManager.m; sourceTree = "<group>"; };
		00129F7E1154A41B00D09836 /* README */ = {isa = PBXFileReference; fileEncoding = 4; lastKnownFileType = text; path = README; sourceTree = "<group>"; };
		0012A00C1154AC0C00D09836 /* libz.dylib */ = {isa = PBXFileReference; lastKnownFileType = "compiled.mach-o.dylib"; name = libz.dylib; path = usr/lib/libz.dylib; sourceTree = SDKROOT; };
		0012A0101154AC1D00D09836 /* CoreGraphics.framework */ = {isa = PBXFileReference; lastKnownFileType = wrapper.framework; name = CoreGraphics.framework; path = System/Library/Frameworks/CoreGraphics.framework; sourceTree = SDKROOT; };
		0012A0161154AC4700D09836 /* libbz2.dylib */ = {isa = PBXFileReference; lastKnownFileType = "compiled.mach-o.dylib"; name = libbz2.dylib; path = usr/lib/libbz2.dylib; sourceTree = SDKROOT; };
		0012A0521154AE3100D09836 /* FFGLTestDrawable.h */ = {isa = PBXFileReference; fileEncoding = 4; lastKnownFileType = sourcecode.c.h; path = FFGLTestDrawable.h; sourceTree = "<group>"; };
		0012A0531154AE3100D09836 /* FFGLTestDrawable.m */ = {isa = PBXFileReference; fileEncoding = 4; lastKnownFileType = sourcecode.c.objc; path = FFGLTestDrawable.m; sourceTree = "<group>"; };
		0012A0541154AE3100D09836 /* test.png */ = {isa = PBXFileReference; lastKnownFileType = image.png; path = test.png; sourceTree = "<group>"; };
		002342C8116B16D200088651 /* star_trek.mov */ = {isa = PBXFileReference; lastKnownFileType = video.quicktime; path = star_trek.mov; sourceTree = "<group>"; };
		00A313D21163E2B20065101E /* PBMoviePlayerController.h */ = {isa = PBXFileReference; fileEncoding = 4; lastKnownFileType = sourcecode.c.h; path = PBMoviePlayerController.h; sourceTree = "<group>"; };
		00A313D31163E2B20065101E /* PBMoviePlayerController.m */ = {isa = PBXFileReference; fileEncoding = 4; lastKnownFileType = sourcecode.c.objc; path = PBMoviePlayerController.m; sourceTree = "<group>"; };
		00A313E61163E33A0065101E /* MediaPlayer.framework */ = {isa = PBXFileReference; lastKnownFileType = wrapper.framework; name = MediaPlayer.framework; path = System/Library/Frameworks/MediaPlayer.framework; sourceTree = SDKROOT; };
		00CA0FD81163034900664274 /* FFReadThread.h */ = {isa = PBXFileReference; fileEncoding = 4; lastKnownFileType = sourcecode.c.h; path = FFReadThread.h; sourceTree = "<group>"; };
		00CA0FD91163034900664274 /* FFReadThread.m */ = {isa = PBXFileReference; fileEncoding = 4; lastKnownFileType = sourcecode.c.objc; path = FFReadThread.m; sourceTree = "<group>"; };
		00CA1113116325B400664274 /* PBAppDelegate.h */ = {isa = PBXFileReference; fileEncoding = 4; lastKnownFileType = sourcecode.c.h; path = PBAppDelegate.h; sourceTree = "<group>"; };
		00CA1114116325B400664274 /* PBAppDelegate.m */ = {isa = PBXFileReference; fileEncoding = 4; lastKnownFileType = sourcecode.c.objc; path = PBAppDelegate.m; sourceTree = "<group>"; };
		00CA1148116328BA00664274 /* PBVideoController.h */ = {isa = PBXFileReference; fileEncoding = 4; lastKnownFileType = sourcecode.c.h; path = PBVideoController.h; sourceTree = "<group>"; };
		00CA1149116328BA00664274 /* PBVideoController.m */ = {isa = PBXFileReference; fileEncoding = 4; lastKnownFileType = sourcecode.c.objc; path = PBVideoController.m; sourceTree = "<group>"; };
		00CA117111632AAB00664274 /* MobileCoreServices.framework */ = {isa = PBXFileReference; lastKnownFileType = wrapper.framework; name = MobileCoreServices.framework; path = System/Library/Frameworks/MobileCoreServices.framework; sourceTree = SDKROOT; };
		00D16AAE1167DD9C00D025EF /* FFPresets.h */ = {isa = PBXFileReference; fileEncoding = 4; lastKnownFileType = sourcecode.c.h; path = FFPresets.h; sourceTree = "<group>"; };
		00D16AAF1167DD9C00D025EF /* FFPresets.m */ = {isa = PBXFileReference; fileEncoding = 4; lastKnownFileType = sourcecode.c.objc; path = FFPresets.m; sourceTree = "<group>"; };
		00D16AB61167DFF400D025EF /* FFPresetsTest.m */ = {isa = PBXFileReference; fileEncoding = 4; lastKnownFileType = sourcecode.c.objc; path = FFPresetsTest.m; sourceTree = "<group>"; };
		00D16AC91167E20100D025EF /* libx264-baseline.ffpreset */ = {isa = PBXFileReference; fileEncoding = 4; lastKnownFileType = text; path = "libx264-baseline.ffpreset"; sourceTree = "<group>"; };
		00D16ACA1167E20100D025EF /* libx264-default.ffpreset */ = {isa = PBXFileReference; fileEncoding = 4; lastKnownFileType = text; path = "libx264-default.ffpreset"; sourceTree = "<group>"; };
		00D16ACB1167E20100D025EF /* libx264-fast.ffpreset */ = {isa = PBXFileReference; fileEncoding = 4; lastKnownFileType = text; path = "libx264-fast.ffpreset"; sourceTree = "<group>"; };
		00D16ACC1167E20100D025EF /* libx264-fast_firstpass.ffpreset */ = {isa = PBXFileReference; fileEncoding = 4; lastKnownFileType = text; path = "libx264-fast_firstpass.ffpreset"; sourceTree = "<group>"; };
		00D16ACD1167E20100D025EF /* libx264-faster.ffpreset */ = {isa = PBXFileReference; fileEncoding = 4; lastKnownFileType = text; path = "libx264-faster.ffpreset"; sourceTree = "<group>"; };
		00D16ACE1167E20100D025EF /* libx264-faster_firstpass.ffpreset */ = {isa = PBXFileReference; fileEncoding = 4; lastKnownFileType = text; path = "libx264-faster_firstpass.ffpreset"; sourceTree = "<group>"; };
		00D16ACF1167E20100D025EF /* libx264-fastfirstpass.ffpreset */ = {isa = PBXFileReference; fileEncoding = 4; lastKnownFileType = text; path = "libx264-fastfirstpass.ffpreset"; sourceTree = "<group>"; };
		00D16AD01167E20100D025EF /* libx264-hq.ffpreset */ = {isa = PBXFileReference; fileEncoding = 4; lastKnownFileType = text; path = "libx264-hq.ffpreset"; sourceTree = "<group>"; };
		00D16AD11167E20100D025EF /* libx264-ipod320.ffpreset */ = {isa = PBXFileReference; fileEncoding = 4; lastKnownFileType = text; path = "libx264-ipod320.ffpreset"; sourceTree = "<group>"; };
		00D16AD21167E20100D025EF /* libx264-ipod640.ffpreset */ = {isa = PBXFileReference; fileEncoding = 4; lastKnownFileType = text; path = "libx264-ipod640.ffpreset"; sourceTree = "<group>"; };
		00D16AD31167E20100D025EF /* libx264-lossless_fast.ffpreset */ = {isa = PBXFileReference; fileEncoding = 4; lastKnownFileType = text; path = "libx264-lossless_fast.ffpreset"; sourceTree = "<group>"; };
		00D16AD41167E20100D025EF /* libx264-lossless_max.ffpreset */ = {isa = PBXFileReference; fileEncoding = 4; lastKnownFileType = text; path = "libx264-lossless_max.ffpreset"; sourceTree = "<group>"; };
		00D16AD51167E20100D025EF /* libx264-lossless_medium.ffpreset */ = {isa = PBXFileReference; fileEncoding = 4; lastKnownFileType = text; path = "libx264-lossless_medium.ffpreset"; sourceTree = "<group>"; };
		00D16AD61167E20100D025EF /* libx264-lossless_slow.ffpreset */ = {isa = PBXFileReference; fileEncoding = 4; lastKnownFileType = text; path = "libx264-lossless_slow.ffpreset"; sourceTree = "<group>"; };
		00D16AD71167E20100D025EF /* libx264-lossless_slower.ffpreset */ = {isa = PBXFileReference; fileEncoding = 4; lastKnownFileType = text; path = "libx264-lossless_slower.ffpreset"; sourceTree = "<group>"; };
		00D16AD81167E20100D025EF /* libx264-lossless_ultrafast.ffpreset */ = {isa = PBXFileReference; fileEncoding = 4; lastKnownFileType = text; path = "libx264-lossless_ultrafast.ffpreset"; sourceTree = "<group>"; };
		00D16AD91167E20100D025EF /* libx264-main.ffpreset */ = {isa = PBXFileReference; fileEncoding = 4; lastKnownFileType = text; path = "libx264-main.ffpreset"; sourceTree = "<group>"; };
		00D16ADA1167E20100D025EF /* libx264-max.ffpreset */ = {isa = PBXFileReference; fileEncoding = 4; lastKnownFileType = text; path = "libx264-max.ffpreset"; sourceTree = "<group>"; };
		00D16ADB1167E20100D025EF /* libx264-medium.ffpreset */ = {isa = PBXFileReference; fileEncoding = 4; lastKnownFileType = text; path = "libx264-medium.ffpreset"; sourceTree = "<group>"; };
		00D16ADC1167E20100D025EF /* libx264-medium_firstpass.ffpreset */ = {isa = PBXFileReference; fileEncoding = 4; lastKnownFileType = text; path = "libx264-medium_firstpass.ffpreset"; sourceTree = "<group>"; };
		00D16ADD1167E20100D025EF /* libx264-normal.ffpreset */ = {isa = PBXFileReference; fileEncoding = 4; lastKnownFileType = text; path = "libx264-normal.ffpreset"; sourceTree = "<group>"; };
		00D16ADE1167E20100D025EF /* libx264-placebo.ffpreset */ = {isa = PBXFileReference; fileEncoding = 4; lastKnownFileType = text; path = "libx264-placebo.ffpreset"; sourceTree = "<group>"; };
		00D16ADF1167E20100D025EF /* libx264-placebo_firstpass.ffpreset */ = {isa = PBXFileReference; fileEncoding = 4; lastKnownFileType = text; path = "libx264-placebo_firstpass.ffpreset"; sourceTree = "<group>"; };
		00D16AE01167E20100D025EF /* libx264-slow.ffpreset */ = {isa = PBXFileReference; fileEncoding = 4; lastKnownFileType = text; path = "libx264-slow.ffpreset"; sourceTree = "<group>"; };
		00D16AE11167E20100D025EF /* libx264-slow_firstpass.ffpreset */ = {isa = PBXFileReference; fileEncoding = 4; lastKnownFileType = text; path = "libx264-slow_firstpass.ffpreset"; sourceTree = "<group>"; };
		00D16AE21167E20100D025EF /* libx264-slower.ffpreset */ = {isa = PBXFileReference; fileEncoding = 4; lastKnownFileType = text; path = "libx264-slower.ffpreset"; sourceTree = "<group>"; };
		00D16AE31167E20100D025EF /* libx264-slower_firstpass.ffpreset */ = {isa = PBXFileReference; fileEncoding = 4; lastKnownFileType = text; path = "libx264-slower_firstpass.ffpreset"; sourceTree = "<group>"; };
		00D16AE41167E20100D025EF /* libx264-slowfirstpass.ffpreset */ = {isa = PBXFileReference; fileEncoding = 4; lastKnownFileType = text; path = "libx264-slowfirstpass.ffpreset"; sourceTree = "<group>"; };
		00D16AE51167E20100D025EF /* libx264-ultrafast.ffpreset */ = {isa = PBXFileReference; fileEncoding = 4; lastKnownFileType = text; path = "libx264-ultrafast.ffpreset"; sourceTree = "<group>"; };
		00D16AE61167E20100D025EF /* libx264-ultrafast_firstpass.ffpreset */ = {isa = PBXFileReference; fileEncoding = 4; lastKnownFileType = text; path = "libx264-ultrafast_firstpass.ffpreset"; sourceTree = "<group>"; };
		00D16AE71167E20100D025EF /* libx264-veryfast.ffpreset */ = {isa = PBXFileReference; fileEncoding = 4; lastKnownFileType = text; path = "libx264-veryfast.ffpreset"; sourceTree = "<group>"; };
		00D16AE81167E20100D025EF /* libx264-veryfast_firstpass.ffpreset */ = {isa = PBXFileReference; fileEncoding = 4; lastKnownFileType = text; path = "libx264-veryfast_firstpass.ffpreset"; sourceTree = "<group>"; };
		00D16AE91167E20100D025EF /* libx264-veryslow.ffpreset */ = {isa = PBXFileReference; fileEncoding = 4; lastKnownFileType = text; path = "libx264-veryslow.ffpreset"; sourceTree = "<group>"; };
		00D16AEA1167E20100D025EF /* libx264-veryslow_firstpass.ffpreset */ = {isa = PBXFileReference; fileEncoding = 4; lastKnownFileType = text; path = "libx264-veryslow_firstpass.ffpreset"; sourceTree = "<group>"; };
		00D16CC911688B9B00D025EF /* FFOptions.h */ = {isa = PBXFileReference; fileEncoding = 4; lastKnownFileType = sourcecode.c.h; path = FFOptions.h; sourceTree = "<group>"; };
		00D16CCA11688B9B00D025EF /* FFOptions.m */ = {isa = PBXFileReference; fileEncoding = 4; lastKnownFileType = sourcecode.c.objc; path = FFOptions.m; sourceTree = "<group>"; };
		00D16D6A11692FE700D025EF /* output.mp4 */ = {isa = PBXFileReference; lastKnownFileType = file; path = output.mp4; sourceTree = "<group>"; };
		00D16E5C11694A8700D025EF /* test-x264.mp4 */ = {isa = PBXFileReference; lastKnownFileType = file; path = "test-x264.mp4"; sourceTree = "<group>"; };
		00D77069115B29A300CF9F22 /* FFEncoder.h */ = {isa = PBXFileReference; fileEncoding = 4; lastKnownFileType = sourcecode.c.h; path = FFEncoder.h; sourceTree = "<group>"; };
		00D7706A115B29A300CF9F22 /* FFEncoder.m */ = {isa = PBXFileReference; fileEncoding = 4; lastKnownFileType = sourcecode.c.objc; path = FFEncoder.m; sourceTree = "<group>"; };
		00D77081115B331600CF9F22 /* FFUtils.h */ = {isa = PBXFileReference; fileEncoding = 4; lastKnownFileType = sourcecode.c.h; path = FFUtils.h; sourceTree = "<group>"; };
		00D77082115B331600CF9F22 /* FFUtils.m */ = {isa = PBXFileReference; fileEncoding = 4; lastKnownFileType = sourcecode.c.objc; path = FFUtils.m; sourceTree = "<group>"; };
		00DB9ACA116460D4002A7F8F /* PBProcessing.h */ = {isa = PBXFileReference; fileEncoding = 4; lastKnownFileType = sourcecode.c.h; path = PBProcessing.h; sourceTree = "<group>"; };
		00DB9ACB116460D4002A7F8F /* PBProcessing.m */ = {isa = PBXFileReference; fileEncoding = 4; lastKnownFileType = sourcecode.c.objc; path = PBProcessing.m; sourceTree = "<group>"; };
		00DB9ACE116461CD002A7F8F /* PBApplicationController.h */ = {isa = PBXFileReference; fileEncoding = 4; lastKnownFileType = sourcecode.c.h; path = PBApplicationController.h; sourceTree = "<group>"; };
		00DB9ACF116461CD002A7F8F /* PBApplicationController.m */ = {isa = PBXFileReference; fileEncoding = 4; lastKnownFileType = sourcecode.c.objc; path = PBApplicationController.m; sourceTree = "<group>"; };
		00DB9BEB11647918002A7F8F /* PixelBleeder-Info.plist */ = {isa = PBXFileReference; fileEncoding = 4; lastKnownFileType = text.plist.xml; path = "PixelBleeder-Info.plist"; sourceTree = "<group>"; };
		00DB9C8C11647A3E002A7F8F /* PixelBleeder.app */ = {isa = PBXFileReference; explicitFileType = wrapper.application; includeInIndex = 0; path = PixelBleeder.app; sourceTree = BUILT_PRODUCTS_DIR; };
		00DB9CCE1164810D002A7F8F /* Debug.xcconfig */ = {isa = PBXFileReference; fileEncoding = 4; lastKnownFileType = text.xcconfig; path = Debug.xcconfig; sourceTree = "<group>"; };
		00DB9CCF1164810D002A7F8F /* Release.xcconfig */ = {isa = PBXFileReference; fileEncoding = 4; lastKnownFileType = text.xcconfig; path = Release.xcconfig; sourceTree = "<group>"; };
		00DB9CD01164810D002A7F8F /* Shared.xcconfig */ = {isa = PBXFileReference; fileEncoding = 4; lastKnownFileType = text.xcconfig; path = Shared.xcconfig; sourceTree = "<group>"; };
		00DB9CD11164810D002A7F8F /* Tests.xcconfig */ = {isa = PBXFileReference; fileEncoding = 4; lastKnownFileType = text.xcconfig; path = Tests.xcconfig; sourceTree = "<group>"; };
		00DB9CD511648145002A7F8F /* icon.png */ = {isa = PBXFileReference; lastKnownFileType = image.png; path = icon.png; sourceTree = "<group>"; };
		00DDF3E9115F3BCC00310925 /* FFEncoderTest.m */ = {isa = PBXFileReference; fileEncoding = 4; lastKnownFileType = sourcecode.c.objc; path = FFEncoderTest.m; sourceTree = "<group>"; };
		00DDF3EF115F3C7200310925 /* Tests.app */ = {isa = PBXFileReference; explicitFileType = wrapper.application; includeInIndex = 0; path = Tests.app; sourceTree = BUILT_PRODUCTS_DIR; };
		00DDF3F1115F3C7200310925 /* Tests-Info.plist */ = {isa = PBXFileReference; lastKnownFileType = text.plist.xml; path = "Tests-Info.plist"; sourceTree = "<group>"; };
		00DDF3F5115F3C8F00310925 /* CoreFoundation.framework */ = {isa = PBXFileReference; lastKnownFileType = wrapper.framework; name = CoreFoundation.framework; path = System/Library/Frameworks/CoreFoundation.framework; sourceTree = SDKROOT; };
		00F824BA1165A43600175A32 /* GHAsyncTestCase.h */ = {isa = PBXFileReference; fileEncoding = 4; lastKnownFileType = sourcecode.c.h; path = GHAsyncTestCase.h; sourceTree = "<group>"; };
		00F824BB1165A43600175A32 /* GHTest.h */ = {isa = PBXFileReference; fileEncoding = 4; lastKnownFileType = sourcecode.c.h; path = GHTest.h; sourceTree = "<group>"; };
		00F824BC1165A43600175A32 /* GHTestCase.h */ = {isa = PBXFileReference; fileEncoding = 4; lastKnownFileType = sourcecode.c.h; path = GHTestCase.h; sourceTree = "<group>"; };
		00F824BD1165A43600175A32 /* GHTestGroup.h */ = {isa = PBXFileReference; fileEncoding = 4; lastKnownFileType = sourcecode.c.h; path = GHTestGroup.h; sourceTree = "<group>"; };
		00F824BE1165A43600175A32 /* GHTesting.h */ = {isa = PBXFileReference; fileEncoding = 4; lastKnownFileType = sourcecode.c.h; path = GHTesting.h; sourceTree = "<group>"; };
		00F824BF1165A43600175A32 /* GHTestMacros.h */ = {isa = PBXFileReference; fileEncoding = 4; lastKnownFileType = sourcecode.c.h; path = GHTestMacros.h; sourceTree = "<group>"; };
		00F824C01165A43600175A32 /* GHTestRunner.h */ = {isa = PBXFileReference; fileEncoding = 4; lastKnownFileType = sourcecode.c.h; path = GHTestRunner.h; sourceTree = "<group>"; };
		00F824C11165A43600175A32 /* GHTestSuite.h */ = {isa = PBXFileReference; fileEncoding = 4; lastKnownFileType = sourcecode.c.h; path = GHTestSuite.h; sourceTree = "<group>"; };
		00F824C21165A43600175A32 /* GHUnit.h */ = {isa = PBXFileReference; fileEncoding = 4; lastKnownFileType = sourcecode.c.h; path = GHUnit.h; sourceTree = "<group>"; };
		00F824C31165A43600175A32 /* GHUnitIPhoneAppDelegate.h */ = {isa = PBXFileReference; fileEncoding = 4; lastKnownFileType = sourcecode.c.h; path = GHUnitIPhoneAppDelegate.h; sourceTree = "<group>"; };
		00F824C41165A43600175A32 /* GHUnitIPhoneTestMain.m */ = {isa = PBXFileReference; fileEncoding = 4; lastKnownFileType = sourcecode.c.objc; path = GHUnitIPhoneTestMain.m; sourceTree = "<group>"; };
		00F824C51165A43600175A32 /* GHUNSObject+Swizzle.h */ = {isa = PBXFileReference; fileEncoding = 4; lastKnownFileType = sourcecode.c.h; path = "GHUNSObject+Swizzle.h"; sourceTree = "<group>"; };
		00F824C61165A43600175A32 /* libGHUnitIPhone3_0.a */ = {isa = PBXFileReference; lastKnownFileType = archive.ar; path = libGHUnitIPhone3_0.a; sourceTree = "<group>"; };
		00F824C71165A43600175A32 /* Makefile */ = {isa = PBXFileReference; fileEncoding = 4; lastKnownFileType = sourcecode.make; path = Makefile; sourceTree = "<group>"; };
		00F824C81165A43600175A32 /* NSException+GHTestFailureExceptions.h */ = {isa = PBXFileReference; fileEncoding = 4; lastKnownFileType = sourcecode.c.h; path = "NSException+GHTestFailureExceptions.h"; sourceTree = "<group>"; };
		00F824C91165A43600175A32 /* NSValue+GHValueFormatter.h */ = {isa = PBXFileReference; fileEncoding = 4; lastKnownFileType = sourcecode.c.h; path = "NSValue+GHValueFormatter.h"; sourceTree = "<group>"; };
		00F824FB1165A9C400175A32 /* FFCodec.h */ = {isa = PBXFileReference; fileEncoding = 4; lastKnownFileType = sourcecode.c.h; path = FFCodec.h; sourceTree = "<group>"; };
		00F824FC1165A9C400175A32 /* FFCodec.m */ = {isa = PBXFileReference; fileEncoding = 4; lastKnownFileType = sourcecode.c.objc; path = FFCodec.m; sourceTree = "<group>"; };
		00F825001165AE3600175A32 /* FFCodecTest.m */ = {isa = PBXFileReference; fileEncoding = 4; lastKnownFileType = sourcecode.c.objc; path = FFCodecTest.m; sourceTree = "<group>"; };
		1D30AB110D05D00D00671497 /* Foundation.framework */ = {isa = PBXFileReference; lastKnownFileType = wrapper.framework; name = Foundation.framework; path = System/Library/Frameworks/Foundation.framework; sourceTree = SDKROOT; };
		1D6058910D05DD3D006BFB54 /* FFPlayer.app */ = {isa = PBXFileReference; explicitFileType = wrapper.application; includeInIndex = 0; path = FFPlayer.app; sourceTree = BUILT_PRODUCTS_DIR; };
		1DF5F4DF0D08C38300B7A737 /* UIKit.framework */ = {isa = PBXFileReference; lastKnownFileType = wrapper.framework; name = UIKit.framework; path = System/Library/Frameworks/UIKit.framework; sourceTree = SDKROOT; };
		28FD14FF0DC6FC520079059D /* OpenGLES.framework */ = {isa = PBXFileReference; lastKnownFileType = wrapper.framework; name = OpenGLES.framework; path = System/Library/Frameworks/OpenGLES.framework; sourceTree = SDKROOT; };
		28FD15070DC6FC5B0079059D /* QuartzCore.framework */ = {isa = PBXFileReference; lastKnownFileType = wrapper.framework; name = QuartzCore.framework; path = System/Library/Frameworks/QuartzCore.framework; sourceTree = SDKROOT; };
		29B97316FDCFA39411CA2CEA /* main.m */ = {isa = PBXFileReference; fileEncoding = 4; lastKnownFileType = sourcecode.c.objc; path = main.m; sourceTree = "<group>"; };
		32CA4F630368D1EE00C91783 /* Prefix.pch */ = {isa = PBXFileReference; fileEncoding = 4; lastKnownFileType = sourcecode.c.h; path = Prefix.pch; sourceTree = "<group>"; };
		8D1107310486CEB800E47090 /* FFPlayer-Info.plist */ = {isa = PBXFileReference; fileEncoding = 4; lastKnownFileType = text.plist.xml; path = "FFPlayer-Info.plist"; plistStructureDefinitionIdentifier = "com.apple.xcode.plist.structure-definition.iphone.info-plist"; sourceTree = "<group>"; };
/* End PBXFileReference section */

/* Begin PBXFrameworksBuildPhase section */
		00DB9C7811647A3E002A7F8F /* Frameworks */ = {
			isa = PBXFrameworksBuildPhase;
			buildActionMask = 2147483647;
			files = (
				00DB9C7911647A3E002A7F8F /* Foundation.framework in Frameworks */,
				00DB9C7A11647A3E002A7F8F /* UIKit.framework in Frameworks */,
				00DB9C7B11647A3E002A7F8F /* OpenGLES.framework in Frameworks */,
				00DB9C7C11647A3E002A7F8F /* QuartzCore.framework in Frameworks */,
				00DB9C7D11647A3E002A7F8F /* libz.dylib in Frameworks */,
				00DB9C7E11647A3E002A7F8F /* CoreGraphics.framework in Frameworks */,
				00DB9C7F11647A3E002A7F8F /* libbz2.dylib in Frameworks */,
				00DB9C8711647A3E002A7F8F /* MobileCoreServices.framework in Frameworks */,
				00DB9C8811647A3E002A7F8F /* MediaPlayer.framework in Frameworks */,
				000DD3C11166C656007E8546 /* libavcodec.a in Frameworks */,
				000DD3C21166C656007E8546 /* libavdevice.a in Frameworks */,
				000DD3C31166C656007E8546 /* libavfilter.a in Frameworks */,
				000DD3C41166C656007E8546 /* libavformat.a in Frameworks */,
				000DD3C51166C656007E8546 /* libavutil.a in Frameworks */,
				000DD3C61166C656007E8546 /* libpostproc.a in Frameworks */,
				000DD3C71166C656007E8546 /* libswscale.a in Frameworks */,
				000DD3E71167D78B007E8546 /* libx264.a in Frameworks */,
			);
			runOnlyForDeploymentPostprocessing = 0;
		};
		00DDF3ED115F3C7200310925 /* Frameworks */ = {
			isa = PBXFrameworksBuildPhase;
			buildActionMask = 2147483647;
			files = (
				00DDF50A115F3E0100310925 /* Foundation.framework in Frameworks */,
				00DDF50B115F3E0200310925 /* libbz2.dylib in Frameworks */,
				00DDF50C115F3E0200310925 /* libz.dylib in Frameworks */,
				00DDF50D115F3E0300310925 /* UIKit.framework in Frameworks */,
				00DDF544115F3F6B00310925 /* OpenGLES.framework in Frameworks */,
				00DDF545115F3F6C00310925 /* QuartzCore.framework in Frameworks */,
				00DDF546115F3F6E00310925 /* CoreGraphics.framework in Frameworks */,
				00DDF547115F3F6F00310925 /* CoreFoundation.framework in Frameworks */,
				001736931165A00C00959279 /* MediaPlayer.framework in Frameworks */,
				001736941165A00D00959279 /* MobileCoreServices.framework in Frameworks */,
				00F824CB1165A43600175A32 /* libGHUnitIPhone3_0.a in Frameworks */,
				000DD3BA1166C656007E8546 /* libavcodec.a in Frameworks */,
				000DD3BB1166C656007E8546 /* libavdevice.a in Frameworks */,
				000DD3BC1166C656007E8546 /* libavfilter.a in Frameworks */,
				000DD3BD1166C656007E8546 /* libavformat.a in Frameworks */,
				000DD3BE1166C656007E8546 /* libavutil.a in Frameworks */,
				000DD3BF1166C656007E8546 /* libpostproc.a in Frameworks */,
				000DD3C01166C656007E8546 /* libswscale.a in Frameworks */,
				000DD3E81167D78B007E8546 /* libx264.a in Frameworks */,
			);
			runOnlyForDeploymentPostprocessing = 0;
		};
		1D60588F0D05DD3D006BFB54 /* Frameworks */ = {
			isa = PBXFrameworksBuildPhase;
			buildActionMask = 2147483647;
			files = (
				1D60589F0D05DD5A006BFB54 /* Foundation.framework in Frameworks */,
				1DF5F4E00D08C38300B7A737 /* UIKit.framework in Frameworks */,
				28FD15000DC6FC520079059D /* OpenGLES.framework in Frameworks */,
				28FD15080DC6FC5B0079059D /* QuartzCore.framework in Frameworks */,
				0012A00D1154AC0C00D09836 /* libz.dylib in Frameworks */,
				0012A0111154AC1D00D09836 /* CoreGraphics.framework in Frameworks */,
				0012A0171154AC4700D09836 /* libbz2.dylib in Frameworks */,
				00CA117211632AAB00664274 /* MobileCoreServices.framework in Frameworks */,
				00A313E71163E33A0065101E /* MediaPlayer.framework in Frameworks */,
				000DD3C81166C656007E8546 /* libavcodec.a in Frameworks */,
				000DD3C91166C656007E8546 /* libavdevice.a in Frameworks */,
				000DD3CA1166C656007E8546 /* libavfilter.a in Frameworks */,
				000DD3CB1166C656007E8546 /* libavformat.a in Frameworks */,
				000DD3CC1166C656007E8546 /* libavutil.a in Frameworks */,
				000DD3CD1166C656007E8546 /* libpostproc.a in Frameworks */,
				000DD3CE1166C656007E8546 /* libswscale.a in Frameworks */,
				000DD3E91167D78B007E8546 /* libx264.a in Frameworks */,
			);
			runOnlyForDeploymentPostprocessing = 0;
		};
/* End PBXFrameworksBuildPhase section */

/* Begin PBXGroup section */
		0007416B1161CDE600D8283B /* PixelBleeder */ = {
			isa = PBXGroup;
			children = (
				00CA1113116325B400664274 /* PBAppDelegate.h */,
				00CA1114116325B400664274 /* PBAppDelegate.m */,
				00CA1148116328BA00664274 /* PBVideoController.h */,
				00CA1149116328BA00664274 /* PBVideoController.m */,
				00A313D21163E2B20065101E /* PBMoviePlayerController.h */,
				00A313D31163E2B20065101E /* PBMoviePlayerController.m */,
				00DB9ACA116460D4002A7F8F /* PBProcessing.h */,
				00DB9ACB116460D4002A7F8F /* PBProcessing.m */,
				00DB9ACE116461CD002A7F8F /* PBApplicationController.h */,
				00DB9ACF116461CD002A7F8F /* PBApplicationController.m */,
			);
			path = PixelBleeder;
			sourceTree = "<group>";
		};
		000DD3B21166C656007E8546 /* ffmpeg */ = {
			isa = PBXGroup;
			children = (
				000DD3B31166C656007E8546 /* libavcodec.a */,
				000DD3B41166C656007E8546 /* libavdevice.a */,
				000DD3B51166C656007E8546 /* libavfilter.a */,
				000DD3B61166C656007E8546 /* libavformat.a */,
				000DD3B71166C656007E8546 /* libavutil.a */,
				000DD3B81166C656007E8546 /* libpostproc.a */,
				000DD3B91166C656007E8546 /* libswscale.a */,
			);
			name = ffmpeg;
			path = "../ffmpeg-build/ffmpeg-uarch/lib";
			sourceTree = SOURCE_ROOT;
		};
		000DD3CF1166C669007E8546 /* samples */ = {
			isa = PBXGroup;
			children = (
				002342C8116B16D200088651 /* star_trek.mov */,
				00D16E5C11694A8700D025EF /* test-x264.mp4 */,
				00D16D6A11692FE700D025EF /* output.mp4 */,
				000DD3D01166C669007E8546 /* camping.m4v */,
				000DD3D11166C669007E8546 /* color16.avi */,
				000DD3D21166C669007E8546 /* IMG_0306.MOV */,
				000DD3D31166C669007E8546 /* pegasus-1958-chiptune.avi */,
			);
			name = samples;
			path = "../ffmpeg-build/samples";
			sourceTree = SOURCE_ROOT;
		};
		000DD3E51167D78B007E8546 /* libx264 */ = {
			isa = PBXGroup;
			children = (
				000DD3E61167D78B007E8546 /* libx264.a */,
			);
			name = libx264;
			path = "../ffmpeg-build/x264-uarch/lib";
			sourceTree = SOURCE_ROOT;
		};
		00129F1911549B3500D09836 /* FFMPEG */ = {
			isa = PBXGroup;
			children = (
				0012A0511154AE3100D09836 /* Test */,
				00129F1D11549B3500D09836 /* FFGLDrawable.h */,
				00129F1E11549B3500D09836 /* FFGLDrawable.m */,
				00129F2111549B3500D09836 /* FFPlayerAppDelegate.h */,
				00129F2211549B3500D09836 /* FFPlayerAppDelegate.m */,
				00129F2511549B3500D09836 /* FFDecoder.h */,
				00129F2611549B3500D09836 /* FFDecoder.m */,
				00129F2711549B3500D09836 /* FFPlayerView.h */,
				00129F2811549B3500D09836 /* FFPlayerView.m */,
				00129F2911549B3500D09836 /* OpenGL */,
				0001B1D111573C1D00109D45 /* FFProcessing.h */,
				0001B1D211573C1D00109D45 /* FFProcessing.m */,
				0001B1D41157413D00109D45 /* FFConverter.h */,
				0001B1D51157413D00109D45 /* FFConverter.m */,
				00D77069115B29A300CF9F22 /* FFEncoder.h */,
				00D7706A115B29A300CF9F22 /* FFEncoder.m */,
				00D77081115B331600CF9F22 /* FFUtils.h */,
				00D77082115B331600CF9F22 /* FFUtils.m */,
				00129F1A11549B3500D09836 /* FFReader.h */,
				00129F1B11549B3500D09836 /* FFReader.m */,
				00CA0FD81163034900664274 /* FFReadThread.h */,
				00CA0FD91163034900664274 /* FFReadThread.m */,
				00F824FB1165A9C400175A32 /* FFCodec.h */,
				00F824FC1165A9C400175A32 /* FFCodec.m */,
				00D16AAE1167DD9C00D025EF /* FFPresets.h */,
				00D16AAF1167DD9C00D025EF /* FFPresets.m */,
				00D16CC911688B9B00D025EF /* FFOptions.h */,
				00D16CCA11688B9B00D025EF /* FFOptions.m */,
			);
			path = FFMPEG;
			sourceTree = "<group>";
		};
		00129F2911549B3500D09836 /* OpenGL */ = {
			isa = PBXGroup;
			children = (
				00129F2A11549B3500D09836 /* GHGLCommon.h */,
				00129F2B11549B3500D09836 /* GHGLDefines.h */,
				00129F2C11549B3500D09836 /* GHGLTexture.h */,
				00129F2D11549B3500D09836 /* GHGLTexture.m */,
				00129F2E11549B3500D09836 /* GHGLUCommon.h */,
				00129F2F11549B3500D09836 /* GHGLView.h */,
				00129F3011549B3500D09836 /* GHGLView.m */,
				00129F3111549B3500D09836 /* GHGLViewController.h */,
				00129F3211549B3500D09836 /* GHGLViewController.m */,
				00129F3311549B3500D09836 /* GHQuaternion.h */,
				00129F3411549B3500D09836 /* GHTextureManager.h */,
				00129F3511549B3500D09836 /* GHTextureManager.m */,
			);
			path = OpenGL;
			sourceTree = "<group>";
		};
		0012A0511154AE3100D09836 /* Test */ = {
			isa = PBXGroup;
			children = (
				0012A0521154AE3100D09836 /* FFGLTestDrawable.h */,
				0012A0531154AE3100D09836 /* FFGLTestDrawable.m */,
				0012A0541154AE3100D09836 /* test.png */,
			);
			path = Test;
			sourceTree = "<group>";
		};
		00D16AC81167E20100D025EF /* ffmpeg-share */ = {
			isa = PBXGroup;
			children = (
				00D16AC91167E20100D025EF /* libx264-baseline.ffpreset */,
				00D16ACA1167E20100D025EF /* libx264-default.ffpreset */,
				00D16ACB1167E20100D025EF /* libx264-fast.ffpreset */,
				00D16ACC1167E20100D025EF /* libx264-fast_firstpass.ffpreset */,
				00D16ACD1167E20100D025EF /* libx264-faster.ffpreset */,
				00D16ACE1167E20100D025EF /* libx264-faster_firstpass.ffpreset */,
				00D16ACF1167E20100D025EF /* libx264-fastfirstpass.ffpreset */,
				00D16AD01167E20100D025EF /* libx264-hq.ffpreset */,
				00D16AD11167E20100D025EF /* libx264-ipod320.ffpreset */,
				00D16AD21167E20100D025EF /* libx264-ipod640.ffpreset */,
				00D16AD31167E20100D025EF /* libx264-lossless_fast.ffpreset */,
				00D16AD41167E20100D025EF /* libx264-lossless_max.ffpreset */,
				00D16AD51167E20100D025EF /* libx264-lossless_medium.ffpreset */,
				00D16AD61167E20100D025EF /* libx264-lossless_slow.ffpreset */,
				00D16AD71167E20100D025EF /* libx264-lossless_slower.ffpreset */,
				00D16AD81167E20100D025EF /* libx264-lossless_ultrafast.ffpreset */,
				00D16AD91167E20100D025EF /* libx264-main.ffpreset */,
				00D16ADA1167E20100D025EF /* libx264-max.ffpreset */,
				00D16ADB1167E20100D025EF /* libx264-medium.ffpreset */,
				00D16ADC1167E20100D025EF /* libx264-medium_firstpass.ffpreset */,
				00D16ADD1167E20100D025EF /* libx264-normal.ffpreset */,
				00D16ADE1167E20100D025EF /* libx264-placebo.ffpreset */,
				00D16ADF1167E20100D025EF /* libx264-placebo_firstpass.ffpreset */,
				00D16AE01167E20100D025EF /* libx264-slow.ffpreset */,
				00D16AE11167E20100D025EF /* libx264-slow_firstpass.ffpreset */,
				00D16AE21167E20100D025EF /* libx264-slower.ffpreset */,
				00D16AE31167E20100D025EF /* libx264-slower_firstpass.ffpreset */,
				00D16AE41167E20100D025EF /* libx264-slowfirstpass.ffpreset */,
				00D16AE51167E20100D025EF /* libx264-ultrafast.ffpreset */,
				00D16AE61167E20100D025EF /* libx264-ultrafast_firstpass.ffpreset */,
				00D16AE71167E20100D025EF /* libx264-veryfast.ffpreset */,
				00D16AE81167E20100D025EF /* libx264-veryfast_firstpass.ffpreset */,
				00D16AE91167E20100D025EF /* libx264-veryslow.ffpreset */,
				00D16AEA1167E20100D025EF /* libx264-veryslow_firstpass.ffpreset */,
			);
			name = "ffmpeg-share";
			path = "../ffmpeg-build/ffmpeg-uarch/share/ffmpeg";
			sourceTree = SOURCE_ROOT;
		};
		00DB9CCD1164810D002A7F8F /* Config */ = {
			isa = PBXGroup;
			children = (
				00DB9CCE1164810D002A7F8F /* Debug.xcconfig */,
				00DB9CCF1164810D002A7F8F /* Release.xcconfig */,
				00DB9CD01164810D002A7F8F /* Shared.xcconfig */,
				00DB9CD11164810D002A7F8F /* Tests.xcconfig */,
			);
			path = Config;
			sourceTree = "<group>";
		};
		00DB9CD411648145002A7F8F /* Images */ = {
			isa = PBXGroup;
			children = (
				00DB9CD511648145002A7F8F /* icon.png */,
			);
			path = Images;
			sourceTree = "<group>";
		};
		00DDF3E8115F3BB200310925 /* Tests */ = {
			isa = PBXGroup;
			children = (
				00DDF3E9115F3BCC00310925 /* FFEncoderTest.m */,
				0007418D1161D26C00D8283B /* FFProcessingTest.m */,
				00F825001165AE3600175A32 /* FFCodecTest.m */,
				00D16AB61167DFF400D025EF /* FFPresetsTest.m */,
			);
			path = Tests;
			sourceTree = "<group>";
		};
		00DDF3FF115F3CC100310925 /* Libraries */ = {
			isa = PBXGroup;
			children = (
				00F824B91165A43600175A32 /* libGHUnitIPhone3_0 */,
			);
			path = Libraries;
			sourceTree = "<group>";
		};
		00F824B91165A43600175A32 /* libGHUnitIPhone3_0 */ = {
			isa = PBXGroup;
			children = (
				00F824BA1165A43600175A32 /* GHAsyncTestCase.h */,
				00F824BB1165A43600175A32 /* GHTest.h */,
				00F824BC1165A43600175A32 /* GHTestCase.h */,
				00F824BD1165A43600175A32 /* GHTestGroup.h */,
				00F824BE1165A43600175A32 /* GHTesting.h */,
				00F824BF1165A43600175A32 /* GHTestMacros.h */,
				00F824C01165A43600175A32 /* GHTestRunner.h */,
				00F824C11165A43600175A32 /* GHTestSuite.h */,
				00F824C21165A43600175A32 /* GHUnit.h */,
				00F824C31165A43600175A32 /* GHUnitIPhoneAppDelegate.h */,
				00F824C41165A43600175A32 /* GHUnitIPhoneTestMain.m */,
				00F824C51165A43600175A32 /* GHUNSObject+Swizzle.h */,
				00F824C61165A43600175A32 /* libGHUnitIPhone3_0.a */,
				00F824C71165A43600175A32 /* Makefile */,
				00F824C81165A43600175A32 /* NSException+GHTestFailureExceptions.h */,
				00F824C91165A43600175A32 /* NSValue+GHValueFormatter.h */,
			);
			path = libGHUnitIPhone3_0;
			sourceTree = "<group>";
		};
		080E96DDFE201D6D7F000001 /* Classes */ = {
			isa = PBXGroup;
			children = (
				0007416B1161CDE600D8283B /* PixelBleeder */,
				00129F1911549B3500D09836 /* FFMPEG */,
			);
			path = Classes;
			sourceTree = "<group>";
		};
		19C28FACFE9D520D11CA2CBB /* Products */ = {
			isa = PBXGroup;
			children = (
				1D6058910D05DD3D006BFB54 /* FFPlayer.app */,
				00DDF3EF115F3C7200310925 /* Tests.app */,
				00DB9C8C11647A3E002A7F8F /* PixelBleeder.app */,
			);
			name = Products;
			sourceTree = "<group>";
		};
		29B97314FDCFA39411CA2CEA /* CustomTemplate */ = {
			isa = PBXGroup;
			children = (
				080E96DDFE201D6D7F000001 /* Classes */,
				00DDF3E8115F3BB200310925 /* Tests */,
				00DB9CCD1164810D002A7F8F /* Config */,
				000DD3B21166C656007E8546 /* ffmpeg */,
				00D16AC81167E20100D025EF /* ffmpeg-share */,
				000DD3E51167D78B007E8546 /* libx264 */,
				000DD3CF1166C669007E8546 /* samples */,
				00DDF3FF115F3CC100310925 /* Libraries */,
				29B97315FDCFA39411CA2CEA /* Other Sources */,
				29B97317FDCFA39411CA2CEA /* Resources */,
				29B97323FDCFA39411CA2CEA /* Frameworks */,
				19C28FACFE9D520D11CA2CBB /* Products */,
				00129F7E1154A41B00D09836 /* README */,
			);
			name = CustomTemplate;
			sourceTree = "<group>";
		};
		29B97315FDCFA39411CA2CEA /* Other Sources */ = {
			isa = PBXGroup;
			children = (
				32CA4F630368D1EE00C91783 /* Prefix.pch */,
				29B97316FDCFA39411CA2CEA /* main.m */,
			);
			name = "Other Sources";
			sourceTree = "<group>";
		};
		29B97317FDCFA39411CA2CEA /* Resources */ = {
			isa = PBXGroup;
			children = (
				00DB9CD411648145002A7F8F /* Images */,
				00DB9BEB11647918002A7F8F /* PixelBleeder-Info.plist */,
				00DDF3F1115F3C7200310925 /* Tests-Info.plist */,
				8D1107310486CEB800E47090 /* FFPlayer-Info.plist */,
			);
			path = Resources;
			sourceTree = "<group>";
		};
		29B97323FDCFA39411CA2CEA /* Frameworks */ = {
			isa = PBXGroup;
			children = (
				00A313E61163E33A0065101E /* MediaPlayer.framework */,
				00CA117111632AAB00664274 /* MobileCoreServices.framework */,
				00DDF3F5115F3C8F00310925 /* CoreFoundation.framework */,
				28FD15070DC6FC5B0079059D /* QuartzCore.framework */,
				28FD14FF0DC6FC520079059D /* OpenGLES.framework */,
				1DF5F4DF0D08C38300B7A737 /* UIKit.framework */,
				1D30AB110D05D00D00671497 /* Foundation.framework */,
				0012A0101154AC1D00D09836 /* CoreGraphics.framework */,
				0012A0161154AC4700D09836 /* libbz2.dylib */,
				0012A00C1154AC0C00D09836 /* libz.dylib */,
			);
			name = Frameworks;
			sourceTree = "<group>";
		};
/* End PBXGroup section */

/* Begin PBXNativeTarget section */
		00DB9C5A11647A3E002A7F8F /* PixelBleeder */ = {
			isa = PBXNativeTarget;
			buildConfigurationList = 00DB9C8911647A3E002A7F8F /* Build configuration list for PBXNativeTarget "PixelBleeder" */;
			buildPhases = (
				00DB9C5B11647A3E002A7F8F /* Resources */,
				00DB9C6211647A3E002A7F8F /* Sources */,
				00DB9C7811647A3E002A7F8F /* Frameworks */,
			);
			buildRules = (
			);
			dependencies = (
			);
			name = PixelBleeder;
			productName = FFPlayer;
			productReference = 00DB9C8C11647A3E002A7F8F /* PixelBleeder.app */;
			productType = "com.apple.product-type.application";
		};
		00DDF3EE115F3C7200310925 /* Tests */ = {
			isa = PBXNativeTarget;
			buildConfigurationList = 00DDF3F4115F3C7300310925 /* Build configuration list for PBXNativeTarget "Tests" */;
			buildPhases = (
				00DDF3EB115F3C7200310925 /* Resources */,
				00DDF3EC115F3C7200310925 /* Sources */,
				00DDF3ED115F3C7200310925 /* Frameworks */,
			);
			buildRules = (
			);
			dependencies = (
			);
			name = Tests;
			productName = Tests;
			productReference = 00DDF3EF115F3C7200310925 /* Tests.app */;
			productType = "com.apple.product-type.application";
		};
		1D6058900D05DD3D006BFB54 /* FFPlayer */ = {
			isa = PBXNativeTarget;
			buildConfigurationList = 1D6058960D05DD3E006BFB54 /* Build configuration list for PBXNativeTarget "FFPlayer" */;
			buildPhases = (
				1D60588D0D05DD3D006BFB54 /* Resources */,
				1D60588E0D05DD3D006BFB54 /* Sources */,
				1D60588F0D05DD3D006BFB54 /* Frameworks */,
			);
			buildRules = (
			);
			dependencies = (
			);
			name = FFPlayer;
			productName = FFPlayer;
			productReference = 1D6058910D05DD3D006BFB54 /* FFPlayer.app */;
			productType = "com.apple.product-type.application";
		};
/* End PBXNativeTarget section */

/* Begin PBXProject section */
		29B97313FDCFA39411CA2CEA /* Project object */ = {
			isa = PBXProject;
			buildConfigurationList = C01FCF4E08A954540054247B /* Build configuration list for PBXProject "FFProcessing" */;
			compatibilityVersion = "Xcode 3.1";
			hasScannedForEncodings = 1;
			mainGroup = 29B97314FDCFA39411CA2CEA /* CustomTemplate */;
			projectDirPath = "";
			projectRoot = "";
			targets = (
				1D6058900D05DD3D006BFB54 /* FFPlayer */,
				00DB9C5A11647A3E002A7F8F /* PixelBleeder */,
				00DDF3EE115F3C7200310925 /* Tests */,
			);
		};
/* End PBXProject section */

/* Begin PBXResourcesBuildPhase section */
		00DB9C5B11647A3E002A7F8F /* Resources */ = {
			isa = PBXResourcesBuildPhase;
			buildActionMask = 2147483647;
			files = (
				00DB9C5C11647A3E002A7F8F /* README in Resources */,
				00DB9C5D11647A3E002A7F8F /* test.png in Resources */,
				00DB9CD611648145002A7F8F /* icon.png in Resources */,
				00D16AEB1167E21E00D025EF /* libx264-ipod320.ffpreset in Resources */,
				002342C9116B16D200088651 /* star_trek.mov in Resources */,
			);
			runOnlyForDeploymentPostprocessing = 0;
		};
		00DDF3EB115F3C7200310925 /* Resources */ = {
			isa = PBXResourcesBuildPhase;
			buildActionMask = 2147483647;
			files = (
				00D16AEC1167E22200D025EF /* libx264-ipod320.ffpreset in Resources */,
			);
			runOnlyForDeploymentPostprocessing = 0;
		};
		1D60588D0D05DD3D006BFB54 /* Resources */ = {
			isa = PBXResourcesBuildPhase;
			buildActionMask = 2147483647;
			files = (
				00129F7F1154A41B00D09836 /* README in Resources */,
				0012A0561154AE3100D09836 /* test.png in Resources */,
			);
			runOnlyForDeploymentPostprocessing = 0;
		};
/* End PBXResourcesBuildPhase section */

/* Begin PBXSourcesBuildPhase section */
		00DB9C6211647A3E002A7F8F /* Sources */ = {
			isa = PBXSourcesBuildPhase;
			buildActionMask = 2147483647;
			files = (
				00DB9C6311647A3E002A7F8F /* main.m in Sources */,
				00DB9C6411647A3E002A7F8F /* FFReader.m in Sources */,
				00DB9C6511647A3E002A7F8F /* FFGLDrawable.m in Sources */,
				00DB9C6611647A3E002A7F8F /* FFPlayerAppDelegate.m in Sources */,
				00DB9C6711647A3E002A7F8F /* FFDecoder.m in Sources */,
				00DB9C6811647A3E002A7F8F /* FFPlayerView.m in Sources */,
				00DB9C6911647A3E002A7F8F /* GHGLTexture.m in Sources */,
				00DB9C6A11647A3E002A7F8F /* GHGLView.m in Sources */,
				00DB9C6B11647A3E002A7F8F /* GHGLViewController.m in Sources */,
				00DB9C6C11647A3E002A7F8F /* GHTextureManager.m in Sources */,
				00DB9C6D11647A3E002A7F8F /* FFGLTestDrawable.m in Sources */,
				00DB9C6E11647A3E002A7F8F /* FFProcessing.m in Sources */,
				00DB9C6F11647A3E002A7F8F /* FFConverter.m in Sources */,
				00DB9C7011647A3E002A7F8F /* FFEncoder.m in Sources */,
				00DB9C7111647A3E002A7F8F /* FFUtils.m in Sources */,
				00DB9C7211647A3E002A7F8F /* FFReadThread.m in Sources */,
				00DB9C7311647A3E002A7F8F /* PBAppDelegate.m in Sources */,
				00DB9C7411647A3E002A7F8F /* PBVideoController.m in Sources */,
				00DB9C7511647A3E002A7F8F /* PBMoviePlayerController.m in Sources */,
				00DB9C7611647A3E002A7F8F /* PBProcessing.m in Sources */,
				00DB9C7711647A3E002A7F8F /* PBApplicationController.m in Sources */,
				00F824FD1165A9C400175A32 /* FFCodec.m in Sources */,
				00D16AB01167DD9C00D025EF /* FFPresets.m in Sources */,
				00D16CCB11688B9B00D025EF /* FFOptions.m in Sources */,
			);
			runOnlyForDeploymentPostprocessing = 0;
		};
		00DDF3EC115F3C7200310925 /* Sources */ = {
			isa = PBXSourcesBuildPhase;
			buildActionMask = 2147483647;
			files = (
				00DDF423115F3CEF00310925 /* FFEncoderTest.m in Sources */,
				00DDF526115F3F1100310925 /* FFReader.m in Sources */,
				00DDF527115F3F1200310925 /* FFUtils.m in Sources */,
				00DDF528115F3F1300310925 /* FFConverter.m in Sources */,
				00DDF529115F3F1300310925 /* FFDecoder.m in Sources */,
				00DDF52A115F3F1500310925 /* FFEncoder.m in Sources */,
				00DDF52B115F3F1600310925 /* FFGLDrawable.m in Sources */,
				00DDF52C115F3F1700310925 /* FFGLTestDrawable.m in Sources */,
				00DDF52E115F3F1900310925 /* FFPlayerAppDelegate.m in Sources */,
				00DDF52F115F3F1A00310925 /* FFPlayerView.m in Sources */,
				00DDF530115F3F1C00310925 /* FFProcessing.m in Sources */,
				00DDF540115F3F6400310925 /* GHGLTexture.m in Sources */,
				00DDF541115F3F6400310925 /* GHGLView.m in Sources */,
				00DDF542115F3F6500310925 /* GHGLViewController.m in Sources */,
				00DDF543115F3F6600310925 /* GHTextureManager.m in Sources */,
				0007418E1161D26C00D8283B /* FFProcessingTest.m in Sources */,
				00CA0FDA1163034900664274 /* FFReadThread.m in Sources */,
				00CA1115116325B400664274 /* PBAppDelegate.m in Sources */,
				00CA114A116328BA00664274 /* PBVideoController.m in Sources */,
				00A313D41163E2B20065101E /* PBMoviePlayerController.m in Sources */,
				00DB9ACC116460D4002A7F8F /* PBProcessing.m in Sources */,
				00DB9AD1116461CD002A7F8F /* PBApplicationController.m in Sources */,
				00F824CA1165A43600175A32 /* GHUnitIPhoneTestMain.m in Sources */,
				00F824FF1165A9C400175A32 /* FFCodec.m in Sources */,
				00F825011165AE3600175A32 /* FFCodecTest.m in Sources */,
				00D16AB11167DD9C00D025EF /* FFPresets.m in Sources */,
				00D16AB71167DFF400D025EF /* FFPresetsTest.m in Sources */,
				00D16CCC11688B9B00D025EF /* FFOptions.m in Sources */,
			);
			runOnlyForDeploymentPostprocessing = 0;
		};
		1D60588E0D05DD3D006BFB54 /* Sources */ = {
			isa = PBXSourcesBuildPhase;
			buildActionMask = 2147483647;
			files = (
				1D60589B0D05DD56006BFB54 /* main.m in Sources */,
				00129F3611549B3500D09836 /* FFReader.m in Sources */,
				00129F3711549B3500D09836 /* FFGLDrawable.m in Sources */,
				00129F3911549B3500D09836 /* FFPlayerAppDelegate.m in Sources */,
				00129F3B11549B3500D09836 /* FFDecoder.m in Sources */,
				00129F3C11549B3500D09836 /* FFPlayerView.m in Sources */,
				00129F3D11549B3500D09836 /* GHGLTexture.m in Sources */,
				00129F3E11549B3500D09836 /* GHGLView.m in Sources */,
				00129F3F11549B3500D09836 /* GHGLViewController.m in Sources */,
				00129F4011549B3500D09836 /* GHTextureManager.m in Sources */,
				0012A0551154AE3100D09836 /* FFGLTestDrawable.m in Sources */,
				0001B1D311573C1D00109D45 /* FFProcessing.m in Sources */,
				0001B1D61157413D00109D45 /* FFConverter.m in Sources */,
				00D7706B115B29A300CF9F22 /* FFEncoder.m in Sources */,
				00D77083115B331600CF9F22 /* FFUtils.m in Sources */,
				00CA0FDB1163034900664274 /* FFReadThread.m in Sources */,
				00CA1116116325B400664274 /* PBAppDelegate.m in Sources */,
				00CA114B116328BA00664274 /* PBVideoController.m in Sources */,
				00A313D51163E2B20065101E /* PBMoviePlayerController.m in Sources */,
				00DB9ACD116460D4002A7F8F /* PBProcessing.m in Sources */,
				00DB9AD0116461CD002A7F8F /* PBApplicationController.m in Sources */,
				00F824FE1165A9C400175A32 /* FFCodec.m in Sources */,
				00D16AB21167DD9C00D025EF /* FFPresets.m in Sources */,
				00D16CCD11688B9B00D025EF /* FFOptions.m in Sources */,
			);
			runOnlyForDeploymentPostprocessing = 0;
		};
/* End PBXSourcesBuildPhase section */

/* Begin XCBuildConfiguration section */
		00DB9C8A11647A3E002A7F8F /* Debug */ = {
			isa = XCBuildConfiguration;
			baseConfigurationReference = 00DB9CCE1164810D002A7F8F /* Debug.xcconfig */;
			buildSettings = {
				COPY_PHASE_STRIP = NO;
				PRODUCT_NAME = PixelBleeder;
				SDKROOT = iphoneos3.0;
			};
			name = Debug;
		};
		00DB9C8B11647A3E002A7F8F /* Release */ = {
			isa = XCBuildConfiguration;
			baseConfigurationReference = 00DB9CCF1164810D002A7F8F /* Release.xcconfig */;
			buildSettings = {
				PRODUCT_NAME = PixelBleeder;
			};
			name = Release;
		};
		00DDF3F2115F3C7300310925 /* Debug */ = {
			isa = XCBuildConfiguration;
			baseConfigurationReference = 00DB9CD11164810D002A7F8F /* Tests.xcconfig */;
			buildSettings = {
				SDKROOT = iphonesimulator3.0;
			};
			name = Debug;
		};
		00DDF3F3115F3C7300310925 /* Release */ = {
			isa = XCBuildConfiguration;
			baseConfigurationReference = 00DB9CD11164810D002A7F8F /* Tests.xcconfig */;
			buildSettings = {
			};
			name = Release;
		};
		1D6058940D05DD3E006BFB54 /* Debug */ = {
			isa = XCBuildConfiguration;
			baseConfigurationReference = 00DB9CCE1164810D002A7F8F /* Debug.xcconfig */;
			buildSettings = {
				COPY_PHASE_STRIP = NO;
				PRODUCT_NAME = FFPlayer;
			};
			name = Debug;
		};
		1D6058950D05DD3E006BFB54 /* Release */ = {
			isa = XCBuildConfiguration;
			baseConfigurationReference = 00DB9CCF1164810D002A7F8F /* Release.xcconfig */;
			buildSettings = {
				PRODUCT_NAME = FFPlayer;
			};
			name = Release;
		};
		C01FCF4F08A954540054247B /* Debug */ = {
			isa = XCBuildConfiguration;
			buildSettings = {
				ARCHS = "$(ARCHS_STANDARD_32_BIT)";
				"CODE_SIGN_IDENTITY[sdk=iphoneos*]" = "iPhone Developer";
				GCC_C_LANGUAGE_STANDARD = c99;
				GCC_PREPROCESSOR_DEFINITIONS = DEBUG;
				GCC_WARN_ABOUT_RETURN_TYPE = YES;
				GCC_WARN_UNUSED_VARIABLE = YES;
				PREBINDING = NO;
				SDKROOT = iphoneos3.1.3;
			};
			name = Debug;
		};
		C01FCF5008A954540054247B /* Release */ = {
			isa = XCBuildConfiguration;
			buildSettings = {
				ARCHS = "$(ARCHS_STANDARD_32_BIT)";
				"CODE_SIGN_IDENTITY[sdk=iphoneos*]" = "iPhone Developer";
				GCC_C_LANGUAGE_STANDARD = c99;
				GCC_WARN_ABOUT_RETURN_TYPE = YES;
				GCC_WARN_UNUSED_VARIABLE = YES;
				OTHER_CFLAGS = "-DNS_BLOCK_ASSERTIONS=1";
				PREBINDING = NO;
				SDKROOT = iphoneos3.1.3;
			};
			name = Release;
		};
/* End XCBuildConfiguration section */

/* Begin XCConfigurationList section */
		00DB9C8911647A3E002A7F8F /* Build configuration list for PBXNativeTarget "PixelBleeder" */ = {
			isa = XCConfigurationList;
			buildConfigurations = (
				00DB9C8A11647A3E002A7F8F /* Debug */,
				00DB9C8B11647A3E002A7F8F /* Release */,
			);
			defaultConfigurationIsVisible = 0;
			defaultConfigurationName = Release;
		};
		00DDF3F4115F3C7300310925 /* Build configuration list for PBXNativeTarget "Tests" */ = {
			isa = XCConfigurationList;
			buildConfigurations = (
				00DDF3F2115F3C7300310925 /* Debug */,
				00DDF3F3115F3C7300310925 /* Release */,
			);
			defaultConfigurationIsVisible = 0;
			defaultConfigurationName = Release;
		};
		1D6058960D05DD3E006BFB54 /* Build configuration list for PBXNativeTarget "FFPlayer" */ = {
			isa = XCConfigurationList;
			buildConfigurations = (
				1D6058940D05DD3E006BFB54 /* Debug */,
				1D6058950D05DD3E006BFB54 /* Release */,
			);
			defaultConfigurationIsVisible = 0;
			defaultConfigurationName = Release;
		};
		C01FCF4E08A954540054247B /* Build configuration list for PBXProject "FFProcessing" */ = {
			isa = XCConfigurationList;
			buildConfigurations = (
				C01FCF4F08A954540054247B /* Debug */,
				C01FCF5008A954540054247B /* Release */,
			);
			defaultConfigurationIsVisible = 0;
			defaultConfigurationName = Release;
		};
/* End XCConfigurationList section */
	};
	rootObject = 29B97313FDCFA39411CA2CEA /* Project object */;
}
