// !$*UTF8*$!
{
	archiveVersion = 1;
	classes = {
	};
	objectVersion = 45;
	objects = {

/* Begin PBXBuildFile section */
		0001B1D311573C1D00109D45 /* FFProcessing.m in Sources */ = {isa = PBXBuildFile; fileRef = 0001B1D211573C1D00109D45 /* FFProcessing.m */; };
		0001B1D61157413D00109D45 /* FFConverter.m in Sources */ = {isa = PBXBuildFile; fileRef = 0001B1D51157413D00109D45 /* FFConverter.m */; };
		00129F3611549B3500D09836 /* FFAVFrameQueue.m in Sources */ = {isa = PBXBuildFile; fileRef = 00129F1B11549B3500D09836 /* FFAVFrameQueue.m */; };
		00129F3711549B3500D09836 /* FFGLDrawable.m in Sources */ = {isa = PBXBuildFile; fileRef = 00129F1E11549B3500D09836 /* FFGLDrawable.m */; };
		00129F3911549B3500D09836 /* FFPlayerAppDelegate.m in Sources */ = {isa = PBXBuildFile; fileRef = 00129F2211549B3500D09836 /* FFPlayerAppDelegate.m */; };
		00129F3A11549B3500D09836 /* FFNotifications.m in Sources */ = {isa = PBXBuildFile; fileRef = 00129F2411549B3500D09836 /* FFNotifications.m */; };
		00129F3B11549B3500D09836 /* FFDecoder.m in Sources */ = {isa = PBXBuildFile; fileRef = 00129F2611549B3500D09836 /* FFDecoder.m */; };
		00129F3C11549B3500D09836 /* FFPlayerView.m in Sources */ = {isa = PBXBuildFile; fileRef = 00129F2811549B3500D09836 /* FFPlayerView.m */; };
		00129F3D11549B3500D09836 /* GHGLTexture.m in Sources */ = {isa = PBXBuildFile; fileRef = 00129F2D11549B3500D09836 /* GHGLTexture.m */; };
		00129F3E11549B3500D09836 /* GHGLView.m in Sources */ = {isa = PBXBuildFile; fileRef = 00129F3011549B3500D09836 /* GHGLView.m */; };
		00129F3F11549B3500D09836 /* GHGLViewController.m in Sources */ = {isa = PBXBuildFile; fileRef = 00129F3211549B3500D09836 /* GHGLViewController.m */; };
		00129F4011549B3500D09836 /* GHTextureManager.m in Sources */ = {isa = PBXBuildFile; fileRef = 00129F3511549B3500D09836 /* GHTextureManager.m */; };
		00129F7F1154A41B00D09836 /* README in Resources */ = {isa = PBXBuildFile; fileRef = 00129F7E1154A41B00D09836 /* README */; };
		0012A00D1154AC0C00D09836 /* libz.dylib in Frameworks */ = {isa = PBXBuildFile; fileRef = 0012A00C1154AC0C00D09836 /* libz.dylib */; };
		0012A0111154AC1D00D09836 /* CoreGraphics.framework in Frameworks */ = {isa = PBXBuildFile; fileRef = 0012A0101154AC1D00D09836 /* CoreGraphics.framework */; };
		0012A0171154AC4700D09836 /* libbz2.dylib in Frameworks */ = {isa = PBXBuildFile; fileRef = 0012A0161154AC4700D09836 /* libbz2.dylib */; };
		0012A0551154AE3100D09836 /* FFGLTestDrawable.m in Sources */ = {isa = PBXBuildFile; fileRef = 0012A0531154AE3100D09836 /* FFGLTestDrawable.m */; };
		0012A0561154AE3100D09836 /* test.png in Resources */ = {isa = PBXBuildFile; fileRef = 0012A0541154AE3100D09836 /* test.png */; };
		0012A1971157187700D09836 /* libavcodec.a in Frameworks */ = {isa = PBXBuildFile; fileRef = 0012A1901157187700D09836 /* libavcodec.a */; };
		0012A1981157187700D09836 /* libavdevice.a in Frameworks */ = {isa = PBXBuildFile; fileRef = 0012A1911157187700D09836 /* libavdevice.a */; };
		0012A1991157187700D09836 /* libavfilter.a in Frameworks */ = {isa = PBXBuildFile; fileRef = 0012A1921157187700D09836 /* libavfilter.a */; };
		0012A19A1157187700D09836 /* libavformat.a in Frameworks */ = {isa = PBXBuildFile; fileRef = 0012A1931157187700D09836 /* libavformat.a */; };
		0012A19B1157187800D09836 /* libavutil.a in Frameworks */ = {isa = PBXBuildFile; fileRef = 0012A1941157187700D09836 /* libavutil.a */; };
		0012A19C1157187800D09836 /* libpostproc.a in Frameworks */ = {isa = PBXBuildFile; fileRef = 0012A1951157187700D09836 /* libpostproc.a */; };
		0012A19D1157187800D09836 /* libswscale.a in Frameworks */ = {isa = PBXBuildFile; fileRef = 0012A1961157187700D09836 /* libswscale.a */; };
		0012A19F115718FA00D09836 /* Config.xcconfig in Resources */ = {isa = PBXBuildFile; fileRef = 0012A19E115718FA00D09836 /* Config.xcconfig */; };
		0012A1B611572F0D00D09836 /* pegasus-1958-chiptune.avi in Resources */ = {isa = PBXBuildFile; fileRef = 0012A1B511572F0D00D09836 /* pegasus-1958-chiptune.avi */; };
		1D60589B0D05DD56006BFB54 /* main.m in Sources */ = {isa = PBXBuildFile; fileRef = 29B97316FDCFA39411CA2CEA /* main.m */; };
		1D60589F0D05DD5A006BFB54 /* Foundation.framework in Frameworks */ = {isa = PBXBuildFile; fileRef = 1D30AB110D05D00D00671497 /* Foundation.framework */; };
		1DF5F4E00D08C38300B7A737 /* UIKit.framework in Frameworks */ = {isa = PBXBuildFile; fileRef = 1DF5F4DF0D08C38300B7A737 /* UIKit.framework */; };
		28FD15000DC6FC520079059D /* OpenGLES.framework in Frameworks */ = {isa = PBXBuildFile; fileRef = 28FD14FF0DC6FC520079059D /* OpenGLES.framework */; };
		28FD15080DC6FC5B0079059D /* QuartzCore.framework in Frameworks */ = {isa = PBXBuildFile; fileRef = 28FD15070DC6FC5B0079059D /* QuartzCore.framework */; };
/* End PBXBuildFile section */

/* Begin PBXFileReference section */
		0001B1D111573C1D00109D45 /* FFProcessing.h */ = {isa = PBXFileReference; fileEncoding = 4; lastKnownFileType = sourcecode.c.h; path = FFProcessing.h; sourceTree = "<group>"; };
		0001B1D211573C1D00109D45 /* FFProcessing.m */ = {isa = PBXFileReference; fileEncoding = 4; lastKnownFileType = sourcecode.c.objc; path = FFProcessing.m; sourceTree = "<group>"; };
		0001B1D41157413D00109D45 /* FFConverter.h */ = {isa = PBXFileReference; fileEncoding = 4; lastKnownFileType = sourcecode.c.h; path = FFConverter.h; sourceTree = "<group>"; };
		0001B1D51157413D00109D45 /* FFConverter.m */ = {isa = PBXFileReference; fileEncoding = 4; lastKnownFileType = sourcecode.c.objc; path = FFConverter.m; sourceTree = "<group>"; };
		00129F1A11549B3500D09836 /* FFAVFrameQueue.h */ = {isa = PBXFileReference; fileEncoding = 4; lastKnownFileType = sourcecode.c.h; path = FFAVFrameQueue.h; sourceTree = "<group>"; };
		00129F1B11549B3500D09836 /* FFAVFrameQueue.m */ = {isa = PBXFileReference; fileEncoding = 4; lastKnownFileType = sourcecode.c.objc; path = FFAVFrameQueue.m; sourceTree = "<group>"; };
		00129F1C11549B3500D09836 /* FFDefines.h */ = {isa = PBXFileReference; fileEncoding = 4; lastKnownFileType = sourcecode.c.h; path = FFDefines.h; sourceTree = "<group>"; };
		00129F1D11549B3500D09836 /* FFGLDrawable.h */ = {isa = PBXFileReference; fileEncoding = 4; lastKnownFileType = sourcecode.c.h; path = FFGLDrawable.h; sourceTree = "<group>"; };
		00129F1E11549B3500D09836 /* FFGLDrawable.m */ = {isa = PBXFileReference; fileEncoding = 4; lastKnownFileType = sourcecode.c.objc; path = FFGLDrawable.m; sourceTree = "<group>"; };
		00129F2111549B3500D09836 /* FFPlayerAppDelegate.h */ = {isa = PBXFileReference; fileEncoding = 4; lastKnownFileType = sourcecode.c.h; path = FFPlayerAppDelegate.h; sourceTree = "<group>"; };
		00129F2211549B3500D09836 /* FFPlayerAppDelegate.m */ = {isa = PBXFileReference; fileEncoding = 4; lastKnownFileType = sourcecode.c.objc; path = FFPlayerAppDelegate.m; sourceTree = "<group>"; };
		00129F2311549B3500D09836 /* FFNotifications.h */ = {isa = PBXFileReference; fileEncoding = 4; lastKnownFileType = sourcecode.c.h; path = FFNotifications.h; sourceTree = "<group>"; };
		00129F2411549B3500D09836 /* FFNotifications.m */ = {isa = PBXFileReference; fileEncoding = 4; lastKnownFileType = sourcecode.c.objc; path = FFNotifications.m; sourceTree = "<group>"; };
		00129F2511549B3500D09836 /* FFDecoder.h */ = {isa = PBXFileReference; fileEncoding = 4; lastKnownFileType = sourcecode.c.h; path = FFDecoder.h; sourceTree = "<group>"; };
		00129F2611549B3500D09836 /* FFDecoder.m */ = {isa = PBXFileReference; fileEncoding = 4; lastKnownFileType = sourcecode.c.objc; path = FFDecoder.m; sourceTree = "<group>"; };
		00129F2711549B3500D09836 /* FFPlayerView.h */ = {isa = PBXFileReference; fileEncoding = 4; lastKnownFileType = sourcecode.c.h; path = FFPlayerView.h; sourceTree = "<group>"; };
		00129F2811549B3500D09836 /* FFPlayerView.m */ = {isa = PBXFileReference; fileEncoding = 4; lastKnownFileType = sourcecode.c.objc; path = FFPlayerView.m; sourceTree = "<group>"; };
		00129F2A11549B3500D09836 /* GHGLCommon.h */ = {isa = PBXFileReference; fileEncoding = 4; lastKnownFileType = sourcecode.c.h; path = GHGLCommon.h; sourceTree = "<group>"; };
		00129F2B11549B3500D09836 /* GHGLDefines.h */ = {isa = PBXFileReference; fileEncoding = 4; lastKnownFileType = sourcecode.c.h; path = GHGLDefines.h; sourceTree = "<group>"; };
		00129F2C11549B3500D09836 /* GHGLTexture.h */ = {isa = PBXFileReference; fileEncoding = 4; lastKnownFileType = sourcecode.c.h; path = GHGLTexture.h; sourceTree = "<group>"; };
		00129F2D11549B3500D09836 /* GHGLTexture.m */ = {isa = PBXFileReference; fileEncoding = 4; lastKnownFileType = sourcecode.c.objc; path = GHGLTexture.m; sourceTree = "<group>"; };
		00129F2E11549B3500D09836 /* GHGLUCommon.h */ = {isa = PBXFileReference; fileEncoding = 4; lastKnownFileType = sourcecode.c.h; path = GHGLUCommon.h; sourceTree = "<group>"; };
		00129F2F11549B3500D09836 /* GHGLView.h */ = {isa = PBXFileReference; fileEncoding = 4; lastKnownFileType = sourcecode.c.h; path = GHGLView.h; sourceTree = "<group>"; };
		00129F3011549B3500D09836 /* GHGLView.m */ = {isa = PBXFileReference; fileEncoding = 4; lastKnownFileType = sourcecode.c.objc; path = GHGLView.m; sourceTree = "<group>"; };
		00129F3111549B3500D09836 /* GHGLViewController.h */ = {isa = PBXFileReference; fileEncoding = 4; lastKnownFileType = sourcecode.c.h; path = GHGLViewController.h; sourceTree = "<group>"; };
		00129F3211549B3500D09836 /* GHGLViewController.m */ = {isa = PBXFileReference; fileEncoding = 4; lastKnownFileType = sourcecode.c.objc; path = GHGLViewController.m; sourceTree = "<group>"; };
		00129F3311549B3500D09836 /* GHQuaternion.h */ = {isa = PBXFileReference; fileEncoding = 4; lastKnownFileType = sourcecode.c.h; path = GHQuaternion.h; sourceTree = "<group>"; };
		00129F3411549B3500D09836 /* GHTextureManager.h */ = {isa = PBXFileReference; fileEncoding = 4; lastKnownFileType = sourcecode.c.h; path = GHTextureManager.h; sourceTree = "<group>"; };
		00129F3511549B3500D09836 /* GHTextureManager.m */ = {isa = PBXFileReference; fileEncoding = 4; lastKnownFileType = sourcecode.c.objc; path = GHTextureManager.m; sourceTree = "<group>"; };
		00129F7E1154A41B00D09836 /* README */ = {isa = PBXFileReference; fileEncoding = 4; lastKnownFileType = text; path = README; sourceTree = "<group>"; };
		0012A00C1154AC0C00D09836 /* libz.dylib */ = {isa = PBXFileReference; lastKnownFileType = "compiled.mach-o.dylib"; name = libz.dylib; path = usr/lib/libz.dylib; sourceTree = SDKROOT; };
		0012A0101154AC1D00D09836 /* CoreGraphics.framework */ = {isa = PBXFileReference; lastKnownFileType = wrapper.framework; name = CoreGraphics.framework; path = System/Library/Frameworks/CoreGraphics.framework; sourceTree = SDKROOT; };
		0012A0161154AC4700D09836 /* libbz2.dylib */ = {isa = PBXFileReference; lastKnownFileType = "compiled.mach-o.dylib"; name = libbz2.dylib; path = usr/lib/libbz2.dylib; sourceTree = SDKROOT; };
		0012A0521154AE3100D09836 /* FFGLTestDrawable.h */ = {isa = PBXFileReference; fileEncoding = 4; lastKnownFileType = sourcecode.c.h; path = FFGLTestDrawable.h; sourceTree = "<group>"; };
		0012A0531154AE3100D09836 /* FFGLTestDrawable.m */ = {isa = PBXFileReference; fileEncoding = 4; lastKnownFileType = sourcecode.c.objc; path = FFGLTestDrawable.m; sourceTree = "<group>"; };
		0012A0541154AE3100D09836 /* test.png */ = {isa = PBXFileReference; lastKnownFileType = image.png; path = test.png; sourceTree = "<group>"; };
		0012A1901157187700D09836 /* libavcodec.a */ = {isa = PBXFileReference; lastKnownFileType = archive.ar; path = libavcodec.a; sourceTree = "<group>"; };
		0012A1911157187700D09836 /* libavdevice.a */ = {isa = PBXFileReference; lastKnownFileType = archive.ar; path = libavdevice.a; sourceTree = "<group>"; };
		0012A1921157187700D09836 /* libavfilter.a */ = {isa = PBXFileReference; lastKnownFileType = archive.ar; path = libavfilter.a; sourceTree = "<group>"; };
		0012A1931157187700D09836 /* libavformat.a */ = {isa = PBXFileReference; lastKnownFileType = archive.ar; path = libavformat.a; sourceTree = "<group>"; };
		0012A1941157187700D09836 /* libavutil.a */ = {isa = PBXFileReference; lastKnownFileType = archive.ar; path = libavutil.a; sourceTree = "<group>"; };
		0012A1951157187700D09836 /* libpostproc.a */ = {isa = PBXFileReference; lastKnownFileType = archive.ar; path = libpostproc.a; sourceTree = "<group>"; };
		0012A1961157187700D09836 /* libswscale.a */ = {isa = PBXFileReference; lastKnownFileType = archive.ar; path = libswscale.a; sourceTree = "<group>"; };
		0012A19E115718FA00D09836 /* Config.xcconfig */ = {isa = PBXFileReference; fileEncoding = 4; lastKnownFileType = text.xcconfig; path = Config.xcconfig; sourceTree = "<group>"; };
		0012A1B511572F0D00D09836 /* pegasus-1958-chiptune.avi */ = {isa = PBXFileReference; lastKnownFileType = video.avi; path = "pegasus-1958-chiptune.avi"; sourceTree = "<group>"; };
		1D30AB110D05D00D00671497 /* Foundation.framework */ = {isa = PBXFileReference; lastKnownFileType = wrapper.framework; name = Foundation.framework; path = System/Library/Frameworks/Foundation.framework; sourceTree = SDKROOT; };
		1D6058910D05DD3D006BFB54 /* FFPlayer.app */ = {isa = PBXFileReference; explicitFileType = wrapper.application; includeInIndex = 0; path = FFPlayer.app; sourceTree = BUILT_PRODUCTS_DIR; };
		1DF5F4DF0D08C38300B7A737 /* UIKit.framework */ = {isa = PBXFileReference; lastKnownFileType = wrapper.framework; name = UIKit.framework; path = System/Library/Frameworks/UIKit.framework; sourceTree = SDKROOT; };
		28FD14FF0DC6FC520079059D /* OpenGLES.framework */ = {isa = PBXFileReference; lastKnownFileType = wrapper.framework; name = OpenGLES.framework; path = System/Library/Frameworks/OpenGLES.framework; sourceTree = SDKROOT; };
		28FD15070DC6FC5B0079059D /* QuartzCore.framework */ = {isa = PBXFileReference; lastKnownFileType = wrapper.framework; name = QuartzCore.framework; path = System/Library/Frameworks/QuartzCore.framework; sourceTree = SDKROOT; };
		29B97316FDCFA39411CA2CEA /* main.m */ = {isa = PBXFileReference; fileEncoding = 4; lastKnownFileType = sourcecode.c.objc; path = main.m; sourceTree = "<group>"; };
		32CA4F630368D1EE00C91783 /* FFPlayer_Prefix.pch */ = {isa = PBXFileReference; fileEncoding = 4; lastKnownFileType = sourcecode.c.h; path = FFPlayer_Prefix.pch; sourceTree = "<group>"; };
		8D1107310486CEB800E47090 /* FFPlayer-Info.plist */ = {isa = PBXFileReference; fileEncoding = 4; lastKnownFileType = text.plist.xml; path = "FFPlayer-Info.plist"; plistStructureDefinitionIdentifier = "com.apple.xcode.plist.structure-definition.iphone.info-plist"; sourceTree = "<group>"; };
/* End PBXFileReference section */

/* Begin PBXFrameworksBuildPhase section */
		1D60588F0D05DD3D006BFB54 /* Frameworks */ = {
			isa = PBXFrameworksBuildPhase;
			buildActionMask = 2147483647;
			files = (
				1D60589F0D05DD5A006BFB54 /* Foundation.framework in Frameworks */,
				1DF5F4E00D08C38300B7A737 /* UIKit.framework in Frameworks */,
				28FD15000DC6FC520079059D /* OpenGLES.framework in Frameworks */,
				28FD15080DC6FC5B0079059D /* QuartzCore.framework in Frameworks */,
				0012A00D1154AC0C00D09836 /* libz.dylib in Frameworks */,
				0012A0111154AC1D00D09836 /* CoreGraphics.framework in Frameworks */,
				0012A0171154AC4700D09836 /* libbz2.dylib in Frameworks */,
				0012A1971157187700D09836 /* libavcodec.a in Frameworks */,
				0012A1981157187700D09836 /* libavdevice.a in Frameworks */,
				0012A1991157187700D09836 /* libavfilter.a in Frameworks */,
				0012A19A1157187700D09836 /* libavformat.a in Frameworks */,
				0012A19B1157187800D09836 /* libavutil.a in Frameworks */,
				0012A19C1157187800D09836 /* libpostproc.a in Frameworks */,
				0012A19D1157187800D09836 /* libswscale.a in Frameworks */,
			);
			runOnlyForDeploymentPostprocessing = 0;
		};
/* End PBXFrameworksBuildPhase section */

/* Begin PBXGroup section */
		00129F1911549B3500D09836 /* FFMPEG */ = {
			isa = PBXGroup;
			children = (
				0012A0511154AE3100D09836 /* Test */,
				00129F1A11549B3500D09836 /* FFAVFrameQueue.h */,
				00129F1B11549B3500D09836 /* FFAVFrameQueue.m */,
				00129F1C11549B3500D09836 /* FFDefines.h */,
				00129F1D11549B3500D09836 /* FFGLDrawable.h */,
				00129F1E11549B3500D09836 /* FFGLDrawable.m */,
				00129F2111549B3500D09836 /* FFPlayerAppDelegate.h */,
				00129F2211549B3500D09836 /* FFPlayerAppDelegate.m */,
				00129F2311549B3500D09836 /* FFNotifications.h */,
				00129F2411549B3500D09836 /* FFNotifications.m */,
				00129F2511549B3500D09836 /* FFDecoder.h */,
				00129F2611549B3500D09836 /* FFDecoder.m */,
				00129F2711549B3500D09836 /* FFPlayerView.h */,
				00129F2811549B3500D09836 /* FFPlayerView.m */,
				00129F2911549B3500D09836 /* OpenGL */,
				0001B1D111573C1D00109D45 /* FFProcessing.h */,
				0001B1D211573C1D00109D45 /* FFProcessing.m */,
				0001B1D41157413D00109D45 /* FFConverter.h */,
				0001B1D51157413D00109D45 /* FFConverter.m */,
			);
			path = FFMPEG;
			sourceTree = "<group>";
		};
		00129F2911549B3500D09836 /* OpenGL */ = {
			isa = PBXGroup;
			children = (
				00129F2A11549B3500D09836 /* GHGLCommon.h */,
				00129F2B11549B3500D09836 /* GHGLDefines.h */,
				00129F2C11549B3500D09836 /* GHGLTexture.h */,
				00129F2D11549B3500D09836 /* GHGLTexture.m */,
				00129F2E11549B3500D09836 /* GHGLUCommon.h */,
				00129F2F11549B3500D09836 /* GHGLView.h */,
				00129F3011549B3500D09836 /* GHGLView.m */,
				00129F3111549B3500D09836 /* GHGLViewController.h */,
				00129F3211549B3500D09836 /* GHGLViewController.m */,
				00129F3311549B3500D09836 /* GHQuaternion.h */,
				00129F3411549B3500D09836 /* GHTextureManager.h */,
				00129F3511549B3500D09836 /* GHTextureManager.m */,
			);
			path = OpenGL;
			sourceTree = "<group>";
		};
		00129F5F1154A27D00D09836 /* ffmpeg */ = {
			isa = PBXGroup;
			children = (
				0012A18F1157187700D09836 /* lib */,
			);
			name = ffmpeg;
			sourceTree = "<group>";
		};
		0012A0511154AE3100D09836 /* Test */ = {
			isa = PBXGroup;
			children = (
				0012A0521154AE3100D09836 /* FFGLTestDrawable.h */,
				0012A0531154AE3100D09836 /* FFGLTestDrawable.m */,
				0012A0541154AE3100D09836 /* test.png */,
			);
			path = Test;
			sourceTree = "<group>";
		};
		0012A18F1157187700D09836 /* lib */ = {
			isa = PBXGroup;
			children = (
				0012A1901157187700D09836 /* libavcodec.a */,
				0012A1911157187700D09836 /* libavdevice.a */,
				0012A1921157187700D09836 /* libavfilter.a */,
				0012A1931157187700D09836 /* libavformat.a */,
				0012A1941157187700D09836 /* libavutil.a */,
				0012A1951157187700D09836 /* libpostproc.a */,
				0012A1961157187700D09836 /* libswscale.a */,
			);
			name = lib;
			path = "../ffmpeg-uarch/lib";
			sourceTree = SOURCE_ROOT;
		};
		0012A1B411572EF500D09836 /* samples */ = {
			isa = PBXGroup;
			children = (
				0012A1B511572F0D00D09836 /* pegasus-1958-chiptune.avi */,
			);
			name = samples;
			path = ../samples;
			sourceTree = "<group>";
		};
		080E96DDFE201D6D7F000001 /* Classes */ = {
			isa = PBXGroup;
			children = (
				00129F1911549B3500D09836 /* FFMPEG */,
			);
			path = Classes;
			sourceTree = "<group>";
		};
		19C28FACFE9D520D11CA2CBB /* Products */ = {
			isa = PBXGroup;
			children = (
				1D6058910D05DD3D006BFB54 /* FFPlayer.app */,
			);
			name = Products;
			sourceTree = "<group>";
		};
		29B97314FDCFA39411CA2CEA /* CustomTemplate */ = {
			isa = PBXGroup;
			children = (
				0012A1B411572EF500D09836 /* samples */,
				080E96DDFE201D6D7F000001 /* Classes */,
				00129F5F1154A27D00D09836 /* ffmpeg */,
				29B97315FDCFA39411CA2CEA /* Other Sources */,
				29B97317FDCFA39411CA2CEA /* Resources */,
				29B97323FDCFA39411CA2CEA /* Frameworks */,
				19C28FACFE9D520D11CA2CBB /* Products */,
				00129F7E1154A41B00D09836 /* README */,
				0012A00C1154AC0C00D09836 /* libz.dylib */,
			);
			name = CustomTemplate;
			sourceTree = "<group>";
		};
		29B97315FDCFA39411CA2CEA /* Other Sources */ = {
			isa = PBXGroup;
			children = (
				32CA4F630368D1EE00C91783 /* FFPlayer_Prefix.pch */,
				29B97316FDCFA39411CA2CEA /* main.m */,
				0012A19E115718FA00D09836 /* Config.xcconfig */,
			);
			name = "Other Sources";
			sourceTree = "<group>";
		};
		29B97317FDCFA39411CA2CEA /* Resources */ = {
			isa = PBXGroup;
			children = (
				8D1107310486CEB800E47090 /* FFPlayer-Info.plist */,
			);
			name = Resources;
			sourceTree = "<group>";
		};
		29B97323FDCFA39411CA2CEA /* Frameworks */ = {
			isa = PBXGroup;
			children = (
				28FD15070DC6FC5B0079059D /* QuartzCore.framework */,
				28FD14FF0DC6FC520079059D /* OpenGLES.framework */,
				1DF5F4DF0D08C38300B7A737 /* UIKit.framework */,
				1D30AB110D05D00D00671497 /* Foundation.framework */,
				0012A0101154AC1D00D09836 /* CoreGraphics.framework */,
				0012A0161154AC4700D09836 /* libbz2.dylib */,
			);
			name = Frameworks;
			sourceTree = "<group>";
		};
/* End PBXGroup section */

/* Begin PBXNativeTarget section */
		1D6058900D05DD3D006BFB54 /* FFPlayer */ = {
			isa = PBXNativeTarget;
			buildConfigurationList = 1D6058960D05DD3E006BFB54 /* Build configuration list for PBXNativeTarget "FFPlayer" */;
			buildPhases = (
				1D60588D0D05DD3D006BFB54 /* Resources */,
				1D60588E0D05DD3D006BFB54 /* Sources */,
				1D60588F0D05DD3D006BFB54 /* Frameworks */,
			);
			buildRules = (
			);
			dependencies = (
			);
			name = FFPlayer;
			productName = FFPlayer;
			productReference = 1D6058910D05DD3D006BFB54 /* FFPlayer.app */;
			productType = "com.apple.product-type.application";
		};
/* End PBXNativeTarget section */

/* Begin PBXProject section */
		29B97313FDCFA39411CA2CEA /* Project object */ = {
			isa = PBXProject;
			buildConfigurationList = C01FCF4E08A954540054247B /* Build configuration list for PBXProject "FFPlayer" */;
			compatibilityVersion = "Xcode 3.1";
			hasScannedForEncodings = 1;
			mainGroup = 29B97314FDCFA39411CA2CEA /* CustomTemplate */;
			projectDirPath = "";
			projectRoot = "";
			targets = (
				1D6058900D05DD3D006BFB54 /* FFPlayer */,
			);
		};
/* End PBXProject section */

/* Begin PBXResourcesBuildPhase section */
		1D60588D0D05DD3D006BFB54 /* Resources */ = {
			isa = PBXResourcesBuildPhase;
			buildActionMask = 2147483647;
			files = (
				00129F7F1154A41B00D09836 /* README in Resources */,
				0012A0561154AE3100D09836 /* test.png in Resources */,
				0012A19F115718FA00D09836 /* Config.xcconfig in Resources */,
				0012A1B611572F0D00D09836 /* pegasus-1958-chiptune.avi in Resources */,
			);
			runOnlyForDeploymentPostprocessing = 0;
		};
/* End PBXResourcesBuildPhase section */

/* Begin PBXSourcesBuildPhase section */
		1D60588E0D05DD3D006BFB54 /* Sources */ = {
			isa = PBXSourcesBuildPhase;
			buildActionMask = 2147483647;
			files = (
				1D60589B0D05DD56006BFB54 /* main.m in Sources */,
				00129F3611549B3500D09836 /* FFAVFrameQueue.m in Sources */,
				00129F3711549B3500D09836 /* FFGLDrawable.m in Sources */,
				00129F3911549B3500D09836 /* FFPlayerAppDelegate.m in Sources */,
				00129F3A11549B3500D09836 /* FFNotifications.m in Sources */,
				00129F3B11549B3500D09836 /* FFDecoder.m in Sources */,
				00129F3C11549B3500D09836 /* FFPlayerView.m in Sources */,
				00129F3D11549B3500D09836 /* GHGLTexture.m in Sources */,
				00129F3E11549B3500D09836 /* GHGLView.m in Sources */,
				00129F3F11549B3500D09836 /* GHGLViewController.m in Sources */,
				00129F4011549B3500D09836 /* GHTextureManager.m in Sources */,
				0012A0551154AE3100D09836 /* FFGLTestDrawable.m in Sources */,
				0001B1D311573C1D00109D45 /* FFProcessing.m in Sources */,
				0001B1D61157413D00109D45 /* FFConverter.m in Sources */,
			);
			runOnlyForDeploymentPostprocessing = 0;
		};
/* End PBXSourcesBuildPhase section */

/* Begin XCBuildConfiguration section */
		1D6058940D05DD3E006BFB54 /* Debug */ = {
			isa = XCBuildConfiguration;
			baseConfigurationReference = 0012A19E115718FA00D09836 /* Config.xcconfig */;
			buildSettings = {
				ALWAYS_SEARCH_USER_PATHS = NO;
				CODE_SIGN_IDENTITY = "iPhone Developer";
				COPY_PHASE_STRIP = NO;
				GCC_DYNAMIC_NO_PIC = NO;
				GCC_OPTIMIZATION_LEVEL = 0;
				GCC_PRECOMPILE_PREFIX_HEADER = YES;
				GCC_PREFIX_HEADER = FFPlayer_Prefix.pch;
				"GCC_THUMB_SUPPORT[arch=armv6]" = "";
				INFOPLIST_FILE = "FFPlayer-Info.plist";
				PRODUCT_NAME = FFPlayer;
				PROVISIONING_PROFILE = "";
				SDKROOT = iphoneos3.0;
			};
			name = Debug;
		};
		1D6058950D05DD3E006BFB54 /* Release */ = {
			isa = XCBuildConfiguration;
			buildSettings = {
				ALWAYS_SEARCH_USER_PATHS = NO;
				COPY_PHASE_STRIP = YES;
				GCC_PRECOMPILE_PREFIX_HEADER = YES;
				GCC_PREFIX_HEADER = FFPlayer_Prefix.pch;
				"GCC_THUMB_SUPPORT[arch=armv6]" = "";
				INFOPLIST_FILE = "FFPlayer-Info.plist";
				LIBRARY_SEARCH_PATHS = (
					"$(inherited)",
					"\"$(SRCROOT)/../ffmpeg-iphone_sim/dist/lib\"",
					"\"$(SRCROOT)/../ffmpeg-lipo/lib\"",
					"\"$(SRCROOT)/../ffmpeg-3gs-base/dist/lib\"",
					"\"$(SRCROOT)/../ffmpeg-iphone/dist/lib\"",
				);
				PRODUCT_NAME = FFPlayer;
				VALIDATE_PRODUCT = YES;
			};
			name = Release;
		};
		C01FCF4F08A954540054247B /* Debug */ = {
			isa = XCBuildConfiguration;
			buildSettings = {
				ARCHS = "$(ARCHS_STANDARD_32_BIT)";
				"CODE_SIGN_IDENTITY[sdk=iphoneos*]" = "iPhone Developer";
				GCC_C_LANGUAGE_STANDARD = c99;
				GCC_PREPROCESSOR_DEFINITIONS = DEBUG;
				GCC_WARN_ABOUT_RETURN_TYPE = YES;
				GCC_WARN_UNUSED_VARIABLE = YES;
				PREBINDING = NO;
				SDKROOT = iphoneos3.1.3;
			};
			name = Debug;
		};
		C01FCF5008A954540054247B /* Release */ = {
			isa = XCBuildConfiguration;
			buildSettings = {
				ARCHS = "$(ARCHS_STANDARD_32_BIT)";
				"CODE_SIGN_IDENTITY[sdk=iphoneos*]" = "iPhone Developer";
				GCC_C_LANGUAGE_STANDARD = c99;
				GCC_WARN_ABOUT_RETURN_TYPE = YES;
				GCC_WARN_UNUSED_VARIABLE = YES;
				OTHER_CFLAGS = "-DNS_BLOCK_ASSERTIONS=1";
				PREBINDING = NO;
				SDKROOT = iphoneos3.1.3;
			};
			name = Release;
		};
/* End XCBuildConfiguration section */

/* Begin XCConfigurationList section */
		1D6058960D05DD3E006BFB54 /* Build configuration list for PBXNativeTarget "FFPlayer" */ = {
			isa = XCConfigurationList;
			buildConfigurations = (
				1D6058940D05DD3E006BFB54 /* Debug */,
				1D6058950D05DD3E006BFB54 /* Release */,
			);
			defaultConfigurationIsVisible = 0;
			defaultConfigurationName = Release;
		};
		C01FCF4E08A954540054247B /* Build configuration list for PBXProject "FFPlayer" */ = {
			isa = XCConfigurationList;
			buildConfigurations = (
				C01FCF4F08A954540054247B /* Debug */,
				C01FCF5008A954540054247B /* Release */,
			);
			defaultConfigurationIsVisible = 0;
			defaultConfigurationName = Release;
		};
/* End XCConfigurationList section */
	};
	rootObject = 29B97313FDCFA39411CA2CEA /* Project object */;
}
